
Microsoft Visual Studio Solution File, Format Version 12.00
# Visual Studio Version 17
VisualStudioVersion = 17.0.31903.59
MinimumVisualStudioVersion = 10.0.40219.1
Project("{9A19103F-16F7-4668-BE54-9A1E7A4F7556}") = "TorchMod", "TorchMod\TorchMod.csproj", "{4679AA01-DD8C-473E-A88F-2B1D7A7306DC}"
EndProject
Project("{9A19103F-16F7-4668-BE54-9A1E7A4F7556}") = "QuickLoad", "QuickLoad\QuickLoad.csproj", "{9A75D46F-077B-4719-ABEE-EA0934C070BC}"
EndProject
Project("{9A19103F-16F7-4668-BE54-9A1E7A4F7556}") = "Durability", "Durability\Durability.csproj", "{9C18D21E-6292-498C-95C8-F441224135B5}"
EndProject
Project("{9A19103F-16F7-4668-BE54-9A1E7A4F7556}") = "Regeneration", "Regeneration\Regeneration.csproj", "{72A87FDD-73E4-4E8F-A866-0D7842D684C1}"
EndProject
Project("{9A19103F-16F7-4668-BE54-9A1E7A4F7556}") = "TreeRespawn", "TreeRespawn\TreeRespawn.csproj", "{D19F8AE0-7192-42B5-94E9-30C8496F7394}"
EndProject
Project("{9A19103F-16F7-4668-BE54-9A1E7A4F7556}") = "CraftFromContainers", "CraftFromContainers\CraftFromContainers.csproj", "{571E7C29-571A-41F0-9D93-2161DD20C36A}"
EndProject
Project("{9A19103F-16F7-4668-BE54-9A1E7A4F7556}") = "CustomTextures", "CustomTextures\CustomTextures.csproj", "{341D9492-226D-4381-9FDA-95DE6057033F}"
EndProject
Project("{9A19103F-16F7-4668-BE54-9A1E7A4F7556}") = "DiscardInventoryItem", "DiscardInventoryItem\DiscardInventoryItem.csproj", "{B827CA6A-3604-4617-A2B5-86D49F049F60}"
EndProject
Project("{9A19103F-16F7-4668-BE54-9A1E7A4F7556}") = "TimeMod", "TimeMod\TimeMod.csproj", "{453B3B2F-54ED-42E3-995E-D306ECB518BA}"
EndProject
Project("{9A19103F-16F7-4668-BE54-9A1E7A4F7556}") = "AutoSplitStack", "AutoSplitStack\AutoSplitStack.csproj", "{721B4F8C-9FC4-46A2-A359-2816E60F9488}"
EndProject
Project("{9A19103F-16F7-4668-BE54-9A1E7A4F7556}") = "ClockMod", "ClockMod\ClockMod.csproj", "{F664E67E-D2B1-4AAE-B9E2-9E036BA3D2F0}"
EndProject
Project("{9A19103F-16F7-4668-BE54-9A1E7A4F7556}") = "CustomAudio", "CustomAudio\CustomAudio.csproj", "{332F7475-7977-44C3-A511-CB13C56A8BD8}"
EndProject
Project("{9A19103F-16F7-4668-BE54-9A1E7A4F7556}") = "NexusUpdate", "NexusUpdate\NexusUpdate.csproj", "{FD08909F-E5D9-45E6-AAE9-15D3791105DB}"
EndProject
Project("{9A19103F-16F7-4668-BE54-9A1E7A4F7556}") = "RealClockMod", "RealClockMod\RealClockMod.csproj", "{3E0DB48D-E00B-4B24-B252-F4BC859BC2B5}"
EndProject
Project("{9A19103F-16F7-4668-BE54-9A1E7A4F7556}") = "CustomMeshes", "CustomMeshes\CustomMeshes.csproj", "{3CA2F556-BB70-402C-ADC3-AC6F0145B6E8}"
EndProject
Project("{9A19103F-16F7-4668-BE54-9A1E7A4F7556}") = "DayCycle", "DayCycle\DayCycle.csproj", "{F5F0D897-CEFF-416C-A9F8-B7A4F434B830}"
EndProject
Project("{9A19103F-16F7-4668-BE54-9A1E7A4F7556}") = "CustomContainerSizes", "CustomContainerSizes\CustomContainerSizes.csproj", "{310FBC9C-4084-4D42-AF12-02DB7AAECD28}"
EndProject
Project("{9A19103F-16F7-4668-BE54-9A1E7A4F7556}") = "ShipSpeed", "ShipSpeed\ShipSpeed.csproj", "{B60664F7-A85E-4302-B5C5-C475C1ABF8D3}"
EndProject
Project("{9A19103F-16F7-4668-BE54-9A1E7A4F7556}") = "MovableChestInventory", "MovableChestInventory\MovableChestInventory.csproj", "{0473B5A9-FABE-441F-A1CE-E3E77F61F098}"
EndProject
Project("{9A19103F-16F7-4668-BE54-9A1E7A4F7556}") = "ContainersAnywhere", "ContainersAnywhere\ContainersAnywhere.csproj", "{46E92BC8-73B2-4C97-A55E-9B0385F496A9}"
EndProject
Project("{9A19103F-16F7-4668-BE54-9A1E7A4F7556}") = "AutoFuel", "AutoFuel\AutoFuel.csproj", "{87660053-76CB-449E-9AB1-E750F55A0B4D}"
EndProject
Project("{9A19103F-16F7-4668-BE54-9A1E7A4F7556}") = "InstantMonsterDrop", "InstantMonsterDrop\InstantMonsterDrop.csproj", "{F98B7653-0348-40D0-90F0-1D46880CF9AD}"
EndProject
Project("{9A19103F-16F7-4668-BE54-9A1E7A4F7556}") = "BuildingDamageMod", "BuildingDamageMod\BuildingDamageMod.csproj", "{05E33387-F302-4EB9-B002-7DF95DD37CE7}"
EndProject
Project("{9A19103F-16F7-4668-BE54-9A1E7A4F7556}") = "CustomGraphicsSettings", "CustomGraphicsSettings\CustomGraphicsSettings.csproj", "{FC9E944F-8834-491C-A165-0DABFE80FDD6}"
EndProject
Project("{9A19103F-16F7-4668-BE54-9A1E7A4F7556}") = "DiscardDroppedItems", "DiscardDroppedItems\DiscardDroppedItems.csproj", "{766FBAFB-85B1-49D1-B262-98DDCFDB668D}"
EndProject
Project("{9A19103F-16F7-4668-BE54-9A1E7A4F7556}") = "AutoStore", "AutoStore\AutoStore.csproj", "{6BCB72BB-3244-42B5-B283-0C080AD73EA7}"
EndProject
Project("{9A19103F-16F7-4668-BE54-9A1E7A4F7556}") = "MiningMod", "MiningMod\MiningMod.csproj", "{E6159595-5A40-4248-932C-98624B950FBF}"
EndProject
Project("{9A19103F-16F7-4668-BE54-9A1E7A4F7556}") = "RepairRequiresMats", "RepairRequiresMats\RepairRequiresMats.csproj", "{BD7C5A4A-A394-4961-9DAC-3F6CF4203D57}"
EndProject
Project("{9A19103F-16F7-4668-BE54-9A1E7A4F7556}") = "HereFishy", "HereFishy\HereFishy.csproj", "{85610E11-6796-40FB-9E7B-32C5CA7C14A2}"
EndProject
Project("{9A19103F-16F7-4668-BE54-9A1E7A4F7556}") = "CustomItems", "CustomItems\CustomItems.csproj", "{EBBED5D5-6E40-4F03-A355-4D0F57E05FDA}"
EndProject
Project("{9A19103F-16F7-4668-BE54-9A1E7A4F7556}") = "MonsterAITweaks", "MonsterAITweaks\MonsterAITweaks.csproj", "{110352B6-6B4A-4172-898F-84018761AF2E}"
EndProject
Project("{9A19103F-16F7-4668-BE54-9A1E7A4F7556}") = "AnimationSpeed", "AnimationSpeed\AnimationSpeed.csproj", "{84C8AB36-5D72-41C3-B9C4-F00BB2850C17}"
EndProject
Project("{9A19103F-16F7-4668-BE54-9A1E7A4F7556}") = "MapTeleport", "MapTeleport\MapTeleport.csproj", "{96DE9EC4-ACC8-4D91-9E2D-D6D52A9B5425}"
EndProject
Project("{9A19103F-16F7-4668-BE54-9A1E7A4F7556}") = "SleepWithoutSpawn", "SleepWithoutSpawn\SleepWithoutSpawn.csproj", "{E9EDC6FF-AB75-4487-9D45-D60A9EDC7789}"
EndProject
Project("{9A19103F-16F7-4668-BE54-9A1E7A4F7556}") = "PlantMod", "PlantMod\PlantMod.csproj", "{F98C028D-737B-41B1-AC78-AA89839F5655}"
EndProject
Project("{9A19103F-16F7-4668-BE54-9A1E7A4F7556}") = "GrassTweaks", "GrassTweaks\GrassTweaks.csproj", "{197882E5-903E-40FD-9963-3AFAFFC85978}"
EndProject
Project("{9A19103F-16F7-4668-BE54-9A1E7A4F7556}") = "JumpRunDodgeSneakWalk", "JumpRunDodgeSneakWalk\JumpRunDodgeSneakWalk.csproj", "{DFA917A1-CFF4-454A-AE3F-38412D10B297}"
EndProject
Project("{9A19103F-16F7-4668-BE54-9A1E7A4F7556}") = "EmoteKeys", "EmoteKeys\EmoteKeys.csproj", "{D958DE95-7E2B-49B2-B2D9-866CC4F6D3F0}"
EndProject
Project("{9A19103F-16F7-4668-BE54-9A1E7A4F7556}") = "CustomLoadingScreens", "CustomLoadingScreens\CustomLoadingScreens.csproj", "{EFF3C72E-CA27-4290-9869-44308747E719}"
EndProject
Project("{9A19103F-16F7-4668-BE54-9A1E7A4F7556}") = "ConsoleTweaks", "ConsoleTweaks\ConsoleTweaks.csproj", "{E1E0580B-4932-44CA-A94D-B29FCF947D19}"
EndProject
Project("{9A19103F-16F7-4668-BE54-9A1E7A4F7556}") = "HelmetHairToggle", "HelmetHairToggle\HelmetHairToggle.csproj", "{F67BE8BE-C23C-4F9B-A91D-7B77AD1E8D55}"
EndProject
Project("{9A19103F-16F7-4668-BE54-9A1E7A4F7556}") = "QuickCart", "QuickCart\QuickCart.csproj", "{7CA0E23D-7255-481D-966C-DD24AD9A85D0}"
EndProject
Project("{9A19103F-16F7-4668-BE54-9A1E7A4F7556}") = "BuildingDemolish", "BuildingDemolish\BuildingDemolish.csproj", "{DA998B9B-ABEA-4389-82A8-1FCA3368ECE3}"
EndProject
Project("{9A19103F-16F7-4668-BE54-9A1E7A4F7556}") = "HotbarSwitch", "HotbarSwitch\HotbarSwitch.csproj", "{56A9443B-6C54-4C7A-84E8-C5CBDBA0E6FD}"
EndProject
Project("{9A19103F-16F7-4668-BE54-9A1E7A4F7556}") = "PlayerModelSwitch", "PlayerModelSwitch\PlayerModelSwitch.csproj", "{C3ADDFBA-2DAE-4AD4-B99F-EBC0990D5E7F}"
EndProject
Project("{9A19103F-16F7-4668-BE54-9A1E7A4F7556}") = "CustomServerLoadingScreen", "CustomServerLoadingScreen\CustomServerLoadingScreen.csproj", "{FD682840-FDBD-4548-84FB-0A1B153A82DA}"
EndProject
Project("{9A19103F-16F7-4668-BE54-9A1E7A4F7556}") = "DespawnTrader", "DespawnTrader\DespawnTrader.csproj", "{DFC06E5E-D824-4A04-A72D-1984C77AA300}"
EndProject
Project("{9A19103F-16F7-4668-BE54-9A1E7A4F7556}") = "CustomizableToolbar", "CustomizableToolbar\CustomizableToolbar.csproj", "{5A03AFEC-CBFE-460E-B7DE-CEF3275C2D98}"
EndProject
Project("{9A19103F-16F7-4668-BE54-9A1E7A4F7556}") = "RememberIP", "RememberIP\RememberIP.csproj", "{DEC85537-0690-45D5-BD02-8BC28F67443D}"
EndProject
Project("{9A19103F-16F7-4668-BE54-9A1E7A4F7556}") = "MovableInventoryWindows", "MovableInventoryWindows\MovableInventoryWindows.csproj", "{080E3A8C-7284-45FE-865D-CBC07C4725CF}"
EndProject
Project("{9A19103F-16F7-4668-BE54-9A1E7A4F7556}") = "DeleteThis", "DeleteThis\DeleteThis.csproj", "{EF6F8026-740F-4E17-A09F-3EEAC37319A5}"
EndProject
Project("{9A19103F-16F7-4668-BE54-9A1E7A4F7556}") = "SimpleSort", "SimpleSort\SimpleSort.csproj", "{612657EF-E3FD-4D61-98C2-66D191CCC1D9}"
EndProject
Project("{9A19103F-16F7-4668-BE54-9A1E7A4F7556}") = "CustomUI", "CustomUI\CustomUI.csproj", "{6ABC7498-9885-4913-865C-017090A58FEE}"
EndProject
Project("{9A19103F-16F7-4668-BE54-9A1E7A4F7556}") = "EnableConsole", "EnableConsole\EnableConsole.csproj", "{E4A787A2-D08D-4F41-A287-800093FFCFCB}"
EndProject
Project("{9A19103F-16F7-4668-BE54-9A1E7A4F7556}") = "CustomToolbarHotkeys", "CustomToolbarHotkeys\CustomToolbarHotkeys.csproj", "{430D8DC6-D188-4D3C-8EC4-D67065267320}"
EndProject
Project("{9A19103F-16F7-4668-BE54-9A1E7A4F7556}") = "PlayerInventory", "PlayerInventory\PlayerInventory.csproj", "{348B29C1-CBCE-41BA-A524-60B9FBC49757}"
EndProject
Project("{2150E333-8FDC-42A3-9474-1A3956D46DE8}") = "Solution Items", "Solution Items", "{490F0E66-9372-49F1-8E48-91034AE7DE18}"
	ProjectSection(SolutionItems) = preProject
		LICENSE.txt = LICENSE.txt
		Mods.html = Mods.html
		valheim_private.targets = valheim_private.targets
	EndProjectSection
EndProject
Project("{9A19103F-16F7-4668-BE54-9A1E7A4F7556}") = "ConfigurationManager", "ConfigurationManager\ConfigurationManager.csproj", "{104215E5-C277-4D43-A52C-B31467312299}"
EndProject
Project("{9A19103F-16F7-4668-BE54-9A1E7A4F7556}") = "BuildingHealthDisplay", "BuildingHealthDisplay\BuildingHealthDisplay.csproj", "{844E25D7-5D76-43C4-AC56-5136E801084D}"
EndProject
Project("{9A19103F-16F7-4668-BE54-9A1E7A4F7556}") = "DungeonRegen", "DungeonRegen\DungeonRegen.csproj", "{EA29414E-93F8-472B-90AF-B46D5F2C0C2C}"
EndProject
Project("{9A19103F-16F7-4668-BE54-9A1E7A4F7556}") = "ShowContainerContents", "ShowContainerContents\ShowContainerContents.csproj", "{6BB20CFB-D3F8-4C89-98C0-5FC2C6B31372}"
EndProject
Project("{9A19103F-16F7-4668-BE54-9A1E7A4F7556}") = "AdvancedSigns", "AdvancedSigns\AdvancedSigns.csproj", "{155A25D0-60B0-4D1C-B53A-6A262612B02B}"
EndProject
Project("{9A19103F-16F7-4668-BE54-9A1E7A4F7556}") = "Compass", "Compass\Compass.csproj", "{F3FE9EEB-505D-4BBB-A164-DCA766BF42B5}"
EndProject
Project("{9A19103F-16F7-4668-BE54-9A1E7A4F7556}") = "Backpack", "Backpack\Backpack.csproj", "{0B6AFC30-0900-490A-88B4-96B779519B9D}"
EndProject
Project("{9A19103F-16F7-4668-BE54-9A1E7A4F7556}") = "CookingStationTweaks", "CookingStationTweaks\CookingStationTweaks.csproj", "{65432E8F-25EC-459C-911E-F1344A9BC012}"
EndProject
Project("{9A19103F-16F7-4668-BE54-9A1E7A4F7556}") = "MerchantSpawnTweaks", "MerchantSpawnTweaks\MerchantSpawnTweaks.csproj", "{4AA627B6-66EE-4A52-8983-28ADA518C735}"
EndProject
Project("{9A19103F-16F7-4668-BE54-9A1E7A4F7556}") = "MapCoordinateDisplay", "MapCoordinateDisplay\MapCoordinateDisplay.csproj", "{779BE120-644F-4AB1-A6B6-D684738E7473}"
EndProject
Project("{9A19103F-16F7-4668-BE54-9A1E7A4F7556}") = "CartSupport", "CartSupport\CartSupport.csproj", "{2A3A0C62-40E5-4D77-AE6E-6466D8AD7648}"
EndProject
Project("{9A19103F-16F7-4668-BE54-9A1E7A4F7556}") = "NotificationTweaks", "NotificationTweaks\NotificationTweaks.csproj", "{D9807E29-FF87-497E-A460-70742308C97E}"
EndProject
Project("{9A19103F-16F7-4668-BE54-9A1E7A4F7556}") = "AutoFeed", "AutoFeed\AutoFeed.csproj", "{4A4941B7-3227-4D66-AE89-D9FFD36996C4}"
EndProject
Project("{9A19103F-16F7-4668-BE54-9A1E7A4F7556}") = "CustomDreamTexts", "CustomDreamTexts\CustomDreamTexts.csproj", "{8A279F25-FDA7-4D4B-8D6F-BC6D1AD3B7AE}"
EndProject
Project("{9A19103F-16F7-4668-BE54-9A1E7A4F7556}") = "RepairSpecificItems", "RepairSpecificItems\RepairSpecificItems.csproj", "{3860C0FF-3BB7-4B41-A635-00C7CB53226D}"
EndProject
Project("{9A19103F-16F7-4668-BE54-9A1E7A4F7556}") = "BuildingRepairRequiresMats", "BuildingRepairRequiresMats\BuildingRepairRequiresMats.csproj", "{4C30DAEE-FAFD-4CA0-93B2-316F772D06BA}"
EndProject
Project("{9A19103F-16F7-4668-BE54-9A1E7A4F7556}") = "DeathTweaks", "DeathTweaks\DeathTweaks.csproj", "{5434D738-3B1F-4C7E-8805-AF3A7310A9F7}"
EndProject
Project("{9A19103F-16F7-4668-BE54-9A1E7A4F7556}") = "TerraformTweaks", "TerraformTweaks\TerraformTweaks.csproj", "{3C71E421-2A98-4B06-B708-888E5E77D7F3}"
EndProject
Project("{9A19103F-16F7-4668-BE54-9A1E7A4F7556}") = "TerrainReset", "TerrainReset\TerrainReset.csproj", "{C0BD6D8D-50BD-4C80-BD59-1AFB17E146C3}"
EndProject
Project("{9A19103F-16F7-4668-BE54-9A1E7A4F7556}") = "InventoryHUD", "InventoryHUD\InventoryHUD.csproj", "{2A3431AE-002D-4B07-B681-21942166995C}"
EndProject
Project("{9A19103F-16F7-4668-BE54-9A1E7A4F7556}") = "ControllerButtonSwitch", "ControllerButtonSwitch\ControllerButtonSwitch.csproj", "{A775ED6F-5FD3-4315-BD97-537BF9999300}"
EndProject
Project("{9A19103F-16F7-4668-BE54-9A1E7A4F7556}") = "ServerRewards", "ServerRewards\ServerRewards.csproj", "{9A3F6016-5760-4975-8217-5731AC5E8AB4}"
EndProject
Project("{9A19103F-16F7-4668-BE54-9A1E7A4F7556}") = "CustomWeaponStats", "CustomWeapons\CustomWeaponStats.csproj", "{0EFD1FBE-B627-4680-9A66-B95AA347EB48}"
EndProject
Project("{9A19103F-16F7-4668-BE54-9A1E7A4F7556}") = "CustomArmorStats", "CustomArmorStats\CustomArmorStats.csproj", "{765DCF89-5FB5-4508-AB77-112EE42C7038}"
EndProject
Project("{9A19103F-16F7-4668-BE54-9A1E7A4F7556}") = "HoeRadius", "HoeRadius\HoeRadius.csproj", "{F548BD14-E8AA-4223-B6E1-4307267A8D8F}"
EndProject
Project("{9A19103F-16F7-4668-BE54-9A1E7A4F7556}") = "BuildPieceTweaks", "BuildPieceTweaks\BuildPieceTweaks.csproj", "{C895D63B-7C0B-4C7E-BF79-E95B4DEED088}"
EndProject
Project("{9A19103F-16F7-4668-BE54-9A1E7A4F7556}") = "CraftingFilter", "CraftingFilter\CraftingFilter.csproj", "{94812B4A-CEFA-453C-BFF1-31C702D17C8B}"
EndProject
Project("{9A19103F-16F7-4668-BE54-9A1E7A4F7556}") = "DamageMod", "DamageMod\DamageMod.csproj", "{D08034EB-046A-4811-A84B-55A4DB3386D4}"
EndProject
Project("{9A19103F-16F7-4668-BE54-9A1E7A4F7556}") = "BuildPieceReplace", "BuildPieceReplace\BuildPieceReplace.csproj", "{DA3D9481-22D5-427A-9ECB-F60644FCAB78}"
EndProject
Project("{9A19103F-16F7-4668-BE54-9A1E7A4F7556}") = "RecipeCustomization", "RecipeCustomization\RecipeCustomization.csproj", "{FD5B3515-66D6-4724-99D2-805B8D35966C}"
EndProject
Project("{9A19103F-16F7-4668-BE54-9A1E7A4F7556}") = "RepeatActions", "RepeatActions\RepeatActions.csproj", "{27964F69-935D-4366-9B2B-0632189C2B20}"
EndProject
Project("{9A19103F-16F7-4668-BE54-9A1E7A4F7556}") = "CustomItemInfoDisplay", "CustomItemInfoDisplay\CustomItemInfoDisplay.csproj", "{DCFD5456-8398-4A2B-8FF8-9A710D3DC29C}"
EndProject
Project("{9A19103F-16F7-4668-BE54-9A1E7A4F7556}") = "BuildingRepair", "BuildingRepair\BuildingRepair.csproj", "{683CB9AD-97C5-4EEA-8E12-80086B3C5380}"
EndProject
Project("{9A19103F-16F7-4668-BE54-9A1E7A4F7556}") = "MapDetails", "MapDetails\MapDetails.csproj", "{01EF2E61-7968-4D38-9AAC-F719601F34C4}"
EndProject
Project("{9A19103F-16F7-4668-BE54-9A1E7A4F7556}") = "BackpackRedux", "BackpackRedux\BackpackRedux.csproj", "{B3F320B3-ECF4-4CCB-95E7-203794224C4F}"
EndProject
Project("{9A19103F-16F7-4668-BE54-9A1E7A4F7556}") = "RequirementCheck", "RequirementCheck\RequirementCheck.csproj", "{CFBE6C20-076E-4427-BA49-557753ECDB09}"
EndProject
Project("{9A19103F-16F7-4668-BE54-9A1E7A4F7556}") = "LockableDoors", "LockableDoors\LockableDoors.csproj", "{A8848F4C-E3C6-49DC-98F9-3E2065B24B46}"
EndProject
Project("{9A19103F-16F7-4668-BE54-9A1E7A4F7556}") = "ItemStorageComponent", "ItemStorageComponent\ItemStorageComponent.csproj", "{0ED8CD74-BB01-4F5B-AB14-7D88515A0882}"
EndProject
Project("{9A19103F-16F7-4668-BE54-9A1E7A4F7556}") = "EquipMultipleUtilityItems", "EquipMultipleUtilityItems\EquipMultipleUtilityItems.csproj", "{83CA0D39-50F6-450B-A596-5D3535675FD7}"
EndProject
Project("{9A19103F-16F7-4668-BE54-9A1E7A4F7556}") = "ExtendedPlayerInventory", "ExtendedPlayerInventory\ExtendedPlayerInventory.csproj", "{AB1E5CA2-0722-4A12-99B5-9EA15C00B532}"
EndProject
Project("{9A19103F-16F7-4668-BE54-9A1E7A4F7556}") = "AICustomization", "AICustomization\AICustomization.csproj", "{DB0A4C79-B840-4431-954B-43C26A1CBFB4}"
EndProject
Project("{9A19103F-16F7-4668-BE54-9A1E7A4F7556}") = "PreventBabySlaughter", "PreventBabySlaughter\PreventBabySlaughter.csproj", "{5A93EC88-9788-43E0-92EA-9496B86C26E6}"
EndProject
Project("{9A19103F-16F7-4668-BE54-9A1E7A4F7556}") = "CombatMusic", "CombatMusic\CombatMusic.csproj", "{42C550DD-AB81-427E-94FC-7F057941D6AA}"
EndProject
Project("{9A19103F-16F7-4668-BE54-9A1E7A4F7556}") = "QuestFramework", "QuestFramework\QuestFramework.csproj", "{D464E26E-C684-4F58-AB02-1BC4CA32454B}"
EndProject
Project("{9A19103F-16F7-4668-BE54-9A1E7A4F7556}") = "AedenthornUtils", "AedenthornUtils\AedenthornUtils.csproj", "{EAED7B73-E459-489F-AC7D-4DACC3197D9A}"
EndProject
Project("{9A19103F-16F7-4668-BE54-9A1E7A4F7556}") = "HaldorFetchQuests", "HaldorFetchQuests\HaldorFetchQuests.csproj", "{6C33BCCD-3BC1-4C47-9BAF-59BA4CC1A8A9}"
EndProject
Project("{9A19103F-16F7-4668-BE54-9A1E7A4F7556}") = "HuginQuestFramework", "HuginQuestFramework\HuginQuestFramework.csproj", "{0841DB40-1807-4CBF-9F54-9548D36C581D}"
EndProject
Project("{9A19103F-16F7-4668-BE54-9A1E7A4F7556}") = "PostProcessing", "PostProcessing\PostProcessing.csproj", "{836DB46B-86D6-47DD-8CF9-39BE99A17B13}"
EndProject
Project("{9A19103F-16F7-4668-BE54-9A1E7A4F7556}") = "QuickStore", "QuickStore\QuickStore.csproj", "{26B8B5A6-6135-407B-B498-DA38FCED0C9E}"
EndProject
Project("{9A19103F-16F7-4668-BE54-9A1E7A4F7556}") = "MapPinExport", "MapPinExport\MapPinExport.csproj", "{323AB4E9-12C2-4680-9D2F-1A1C66C45FF4}"
EndProject
Project("{9A19103F-16F7-4668-BE54-9A1E7A4F7556}") = "BuildRestrictionTweaks", "BuildRestrictionTweaks\BuildRestrictionTweaks.csproj", "{E024A64C-242E-4E07-A9CE-3B19028C3240}"
EndProject
Project("{9A19103F-16F7-4668-BE54-9A1E7A4F7556}") = "CartographyTableMapRestrict", "CartographyTableMapRestrict\CartographyTableMapRestrict.csproj", "{EA37AB73-1EA7-4994-86B0-031854D737A8}"
EndProject
Project("{9A19103F-16F7-4668-BE54-9A1E7A4F7556}") = "CharacterEdit", "CharacterEdit\CharacterEdit.csproj", "{1FE586BD-20F6-442B-BB89-119E30AC4E72}"
EndProject
Project("{9A19103F-16F7-4668-BE54-9A1E7A4F7556}") = "DisableEnvParticles", "DisableEnvParticles\DisableEnvParticles.csproj", "{62B64432-DA6B-483E-BEFC-AB8D0F75F806}"
EndProject
Project("{9A19103F-16F7-4668-BE54-9A1E7A4F7556}") = "RemoveBossTrophy", "RemoveBossTrophy\RemoveBossTrophy.csproj", "{A5BEAA87-6609-4656-A318-F2D43F1BA775}"
EndProject
Project("{9A19103F-16F7-4668-BE54-9A1E7A4F7556}") = "AmmoCount", "AmmoCount\AmmoCount.csproj", "{44168560-C410-4CD2-9C96-1809BCF5F8FF}"
EndProject
Project("{9A19103F-16F7-4668-BE54-9A1E7A4F7556}") = "EitrRegenRate", "EitrRegenRate\EitrRegenRate.csproj", "{935DEB5B-8D26-4925-80B1-12F1A9AF2883}"
EndProject
Global
	GlobalSection(SolutionConfigurationPlatforms) = preSolution
		Debug|Any CPU = Debug|Any CPU
		Release|Any CPU = Release|Any CPU
	EndGlobalSection
	GlobalSection(ProjectConfigurationPlatforms) = postSolution
		{4679AA01-DD8C-473E-A88F-2B1D7A7306DC}.Debug|Any CPU.ActiveCfg = Debug|Any CPU
		{4679AA01-DD8C-473E-A88F-2B1D7A7306DC}.Debug|Any CPU.Build.0 = Debug|Any CPU
		{4679AA01-DD8C-473E-A88F-2B1D7A7306DC}.Release|Any CPU.ActiveCfg = Release|Any CPU
		{4679AA01-DD8C-473E-A88F-2B1D7A7306DC}.Release|Any CPU.Build.0 = Release|Any CPU
		{9A75D46F-077B-4719-ABEE-EA0934C070BC}.Debug|Any CPU.ActiveCfg = Debug|Any CPU
		{9A75D46F-077B-4719-ABEE-EA0934C070BC}.Debug|Any CPU.Build.0 = Debug|Any CPU
		{9A75D46F-077B-4719-ABEE-EA0934C070BC}.Release|Any CPU.ActiveCfg = Release|Any CPU
		{9A75D46F-077B-4719-ABEE-EA0934C070BC}.Release|Any CPU.Build.0 = Release|Any CPU
		{9C18D21E-6292-498C-95C8-F441224135B5}.Debug|Any CPU.ActiveCfg = Debug|Any CPU
		{9C18D21E-6292-498C-95C8-F441224135B5}.Debug|Any CPU.Build.0 = Debug|Any CPU
		{9C18D21E-6292-498C-95C8-F441224135B5}.Release|Any CPU.ActiveCfg = Release|Any CPU
		{9C18D21E-6292-498C-95C8-F441224135B5}.Release|Any CPU.Build.0 = Release|Any CPU
		{72A87FDD-73E4-4E8F-A866-0D7842D684C1}.Debug|Any CPU.ActiveCfg = Debug|Any CPU
		{72A87FDD-73E4-4E8F-A866-0D7842D684C1}.Debug|Any CPU.Build.0 = Debug|Any CPU
		{72A87FDD-73E4-4E8F-A866-0D7842D684C1}.Release|Any CPU.ActiveCfg = Release|Any CPU
		{72A87FDD-73E4-4E8F-A866-0D7842D684C1}.Release|Any CPU.Build.0 = Release|Any CPU
		{D19F8AE0-7192-42B5-94E9-30C8496F7394}.Debug|Any CPU.ActiveCfg = Debug|Any CPU
		{D19F8AE0-7192-42B5-94E9-30C8496F7394}.Debug|Any CPU.Build.0 = Debug|Any CPU
		{D19F8AE0-7192-42B5-94E9-30C8496F7394}.Release|Any CPU.ActiveCfg = Release|Any CPU
		{D19F8AE0-7192-42B5-94E9-30C8496F7394}.Release|Any CPU.Build.0 = Release|Any CPU
		{571E7C29-571A-41F0-9D93-2161DD20C36A}.Debug|Any CPU.ActiveCfg = Debug|Any CPU
		{571E7C29-571A-41F0-9D93-2161DD20C36A}.Debug|Any CPU.Build.0 = Debug|Any CPU
		{571E7C29-571A-41F0-9D93-2161DD20C36A}.Release|Any CPU.ActiveCfg = Release|Any CPU
		{571E7C29-571A-41F0-9D93-2161DD20C36A}.Release|Any CPU.Build.0 = Release|Any CPU
		{341D9492-226D-4381-9FDA-95DE6057033F}.Debug|Any CPU.ActiveCfg = Debug|Any CPU
		{341D9492-226D-4381-9FDA-95DE6057033F}.Debug|Any CPU.Build.0 = Debug|Any CPU
		{341D9492-226D-4381-9FDA-95DE6057033F}.Release|Any CPU.ActiveCfg = Release|Any CPU
		{341D9492-226D-4381-9FDA-95DE6057033F}.Release|Any CPU.Build.0 = Release|Any CPU
		{B827CA6A-3604-4617-A2B5-86D49F049F60}.Debug|Any CPU.ActiveCfg = Debug|Any CPU
		{B827CA6A-3604-4617-A2B5-86D49F049F60}.Debug|Any CPU.Build.0 = Debug|Any CPU
		{B827CA6A-3604-4617-A2B5-86D49F049F60}.Release|Any CPU.ActiveCfg = Release|Any CPU
		{B827CA6A-3604-4617-A2B5-86D49F049F60}.Release|Any CPU.Build.0 = Release|Any CPU
		{453B3B2F-54ED-42E3-995E-D306ECB518BA}.Debug|Any CPU.ActiveCfg = Debug|Any CPU
		{453B3B2F-54ED-42E3-995E-D306ECB518BA}.Debug|Any CPU.Build.0 = Debug|Any CPU
		{453B3B2F-54ED-42E3-995E-D306ECB518BA}.Release|Any CPU.ActiveCfg = Release|Any CPU
		{453B3B2F-54ED-42E3-995E-D306ECB518BA}.Release|Any CPU.Build.0 = Release|Any CPU
		{721B4F8C-9FC4-46A2-A359-2816E60F9488}.Debug|Any CPU.ActiveCfg = Debug|Any CPU
		{721B4F8C-9FC4-46A2-A359-2816E60F9488}.Debug|Any CPU.Build.0 = Debug|Any CPU
		{721B4F8C-9FC4-46A2-A359-2816E60F9488}.Release|Any CPU.ActiveCfg = Release|Any CPU
		{721B4F8C-9FC4-46A2-A359-2816E60F9488}.Release|Any CPU.Build.0 = Release|Any CPU
		{F664E67E-D2B1-4AAE-B9E2-9E036BA3D2F0}.Debug|Any CPU.ActiveCfg = Debug|Any CPU
		{F664E67E-D2B1-4AAE-B9E2-9E036BA3D2F0}.Debug|Any CPU.Build.0 = Debug|Any CPU
		{F664E67E-D2B1-4AAE-B9E2-9E036BA3D2F0}.Release|Any CPU.ActiveCfg = Release|Any CPU
		{F664E67E-D2B1-4AAE-B9E2-9E036BA3D2F0}.Release|Any CPU.Build.0 = Release|Any CPU
		{332F7475-7977-44C3-A511-CB13C56A8BD8}.Debug|Any CPU.ActiveCfg = Debug|Any CPU
		{332F7475-7977-44C3-A511-CB13C56A8BD8}.Debug|Any CPU.Build.0 = Debug|Any CPU
		{332F7475-7977-44C3-A511-CB13C56A8BD8}.Release|Any CPU.ActiveCfg = Release|Any CPU
		{332F7475-7977-44C3-A511-CB13C56A8BD8}.Release|Any CPU.Build.0 = Release|Any CPU
		{FD08909F-E5D9-45E6-AAE9-15D3791105DB}.Debug|Any CPU.ActiveCfg = Debug|Any CPU
		{FD08909F-E5D9-45E6-AAE9-15D3791105DB}.Debug|Any CPU.Build.0 = Debug|Any CPU
		{FD08909F-E5D9-45E6-AAE9-15D3791105DB}.Release|Any CPU.ActiveCfg = Release|Any CPU
		{FD08909F-E5D9-45E6-AAE9-15D3791105DB}.Release|Any CPU.Build.0 = Release|Any CPU
		{3E0DB48D-E00B-4B24-B252-F4BC859BC2B5}.Debug|Any CPU.ActiveCfg = Debug|Any CPU
		{3E0DB48D-E00B-4B24-B252-F4BC859BC2B5}.Debug|Any CPU.Build.0 = Debug|Any CPU
		{3E0DB48D-E00B-4B24-B252-F4BC859BC2B5}.Release|Any CPU.ActiveCfg = Release|Any CPU
		{3E0DB48D-E00B-4B24-B252-F4BC859BC2B5}.Release|Any CPU.Build.0 = Release|Any CPU
		{3CA2F556-BB70-402C-ADC3-AC6F0145B6E8}.Debug|Any CPU.ActiveCfg = Debug|Any CPU
		{3CA2F556-BB70-402C-ADC3-AC6F0145B6E8}.Debug|Any CPU.Build.0 = Debug|Any CPU
		{3CA2F556-BB70-402C-ADC3-AC6F0145B6E8}.Release|Any CPU.ActiveCfg = Release|Any CPU
		{3CA2F556-BB70-402C-ADC3-AC6F0145B6E8}.Release|Any CPU.Build.0 = Release|Any CPU
		{F5F0D897-CEFF-416C-A9F8-B7A4F434B830}.Debug|Any CPU.ActiveCfg = Debug|Any CPU
		{F5F0D897-CEFF-416C-A9F8-B7A4F434B830}.Debug|Any CPU.Build.0 = Debug|Any CPU
		{F5F0D897-CEFF-416C-A9F8-B7A4F434B830}.Release|Any CPU.ActiveCfg = Release|Any CPU
		{F5F0D897-CEFF-416C-A9F8-B7A4F434B830}.Release|Any CPU.Build.0 = Release|Any CPU
		{310FBC9C-4084-4D42-AF12-02DB7AAECD28}.Debug|Any CPU.ActiveCfg = Debug|Any CPU
		{310FBC9C-4084-4D42-AF12-02DB7AAECD28}.Debug|Any CPU.Build.0 = Debug|Any CPU
		{310FBC9C-4084-4D42-AF12-02DB7AAECD28}.Release|Any CPU.ActiveCfg = Release|Any CPU
		{310FBC9C-4084-4D42-AF12-02DB7AAECD28}.Release|Any CPU.Build.0 = Release|Any CPU
		{B60664F7-A85E-4302-B5C5-C475C1ABF8D3}.Debug|Any CPU.ActiveCfg = Debug|Any CPU
		{B60664F7-A85E-4302-B5C5-C475C1ABF8D3}.Debug|Any CPU.Build.0 = Debug|Any CPU
		{B60664F7-A85E-4302-B5C5-C475C1ABF8D3}.Release|Any CPU.ActiveCfg = Release|Any CPU
		{B60664F7-A85E-4302-B5C5-C475C1ABF8D3}.Release|Any CPU.Build.0 = Release|Any CPU
		{0473B5A9-FABE-441F-A1CE-E3E77F61F098}.Debug|Any CPU.ActiveCfg = Debug|Any CPU
		{0473B5A9-FABE-441F-A1CE-E3E77F61F098}.Debug|Any CPU.Build.0 = Debug|Any CPU
		{0473B5A9-FABE-441F-A1CE-E3E77F61F098}.Release|Any CPU.ActiveCfg = Release|Any CPU
		{0473B5A9-FABE-441F-A1CE-E3E77F61F098}.Release|Any CPU.Build.0 = Release|Any CPU
		{46E92BC8-73B2-4C97-A55E-9B0385F496A9}.Debug|Any CPU.ActiveCfg = Debug|Any CPU
		{46E92BC8-73B2-4C97-A55E-9B0385F496A9}.Debug|Any CPU.Build.0 = Debug|Any CPU
		{46E92BC8-73B2-4C97-A55E-9B0385F496A9}.Release|Any CPU.ActiveCfg = Release|Any CPU
		{46E92BC8-73B2-4C97-A55E-9B0385F496A9}.Release|Any CPU.Build.0 = Release|Any CPU
		{87660053-76CB-449E-9AB1-E750F55A0B4D}.Debug|Any CPU.ActiveCfg = Debug|Any CPU
		{87660053-76CB-449E-9AB1-E750F55A0B4D}.Debug|Any CPU.Build.0 = Debug|Any CPU
		{87660053-76CB-449E-9AB1-E750F55A0B4D}.Release|Any CPU.ActiveCfg = Release|Any CPU
		{87660053-76CB-449E-9AB1-E750F55A0B4D}.Release|Any CPU.Build.0 = Release|Any CPU
		{F98B7653-0348-40D0-90F0-1D46880CF9AD}.Debug|Any CPU.ActiveCfg = Debug|Any CPU
		{F98B7653-0348-40D0-90F0-1D46880CF9AD}.Debug|Any CPU.Build.0 = Debug|Any CPU
		{F98B7653-0348-40D0-90F0-1D46880CF9AD}.Release|Any CPU.ActiveCfg = Release|Any CPU
		{F98B7653-0348-40D0-90F0-1D46880CF9AD}.Release|Any CPU.Build.0 = Release|Any CPU
		{05E33387-F302-4EB9-B002-7DF95DD37CE7}.Debug|Any CPU.ActiveCfg = Debug|Any CPU
		{05E33387-F302-4EB9-B002-7DF95DD37CE7}.Debug|Any CPU.Build.0 = Debug|Any CPU
		{05E33387-F302-4EB9-B002-7DF95DD37CE7}.Release|Any CPU.ActiveCfg = Release|Any CPU
		{05E33387-F302-4EB9-B002-7DF95DD37CE7}.Release|Any CPU.Build.0 = Release|Any CPU
		{FC9E944F-8834-491C-A165-0DABFE80FDD6}.Debug|Any CPU.ActiveCfg = Debug|Any CPU
		{FC9E944F-8834-491C-A165-0DABFE80FDD6}.Debug|Any CPU.Build.0 = Debug|Any CPU
		{FC9E944F-8834-491C-A165-0DABFE80FDD6}.Release|Any CPU.ActiveCfg = Release|Any CPU
		{FC9E944F-8834-491C-A165-0DABFE80FDD6}.Release|Any CPU.Build.0 = Release|Any CPU
		{766FBAFB-85B1-49D1-B262-98DDCFDB668D}.Debug|Any CPU.ActiveCfg = Debug|Any CPU
		{766FBAFB-85B1-49D1-B262-98DDCFDB668D}.Debug|Any CPU.Build.0 = Debug|Any CPU
		{766FBAFB-85B1-49D1-B262-98DDCFDB668D}.Release|Any CPU.ActiveCfg = Release|Any CPU
		{766FBAFB-85B1-49D1-B262-98DDCFDB668D}.Release|Any CPU.Build.0 = Release|Any CPU
		{6BCB72BB-3244-42B5-B283-0C080AD73EA7}.Debug|Any CPU.ActiveCfg = Debug|Any CPU
		{6BCB72BB-3244-42B5-B283-0C080AD73EA7}.Debug|Any CPU.Build.0 = Debug|Any CPU
		{6BCB72BB-3244-42B5-B283-0C080AD73EA7}.Release|Any CPU.ActiveCfg = Release|Any CPU
		{6BCB72BB-3244-42B5-B283-0C080AD73EA7}.Release|Any CPU.Build.0 = Release|Any CPU
		{E6159595-5A40-4248-932C-98624B950FBF}.Debug|Any CPU.ActiveCfg = Debug|Any CPU
		{E6159595-5A40-4248-932C-98624B950FBF}.Debug|Any CPU.Build.0 = Debug|Any CPU
		{E6159595-5A40-4248-932C-98624B950FBF}.Release|Any CPU.ActiveCfg = Release|Any CPU
		{E6159595-5A40-4248-932C-98624B950FBF}.Release|Any CPU.Build.0 = Release|Any CPU
		{BD7C5A4A-A394-4961-9DAC-3F6CF4203D57}.Debug|Any CPU.ActiveCfg = Debug|Any CPU
		{BD7C5A4A-A394-4961-9DAC-3F6CF4203D57}.Debug|Any CPU.Build.0 = Debug|Any CPU
		{BD7C5A4A-A394-4961-9DAC-3F6CF4203D57}.Release|Any CPU.ActiveCfg = Release|Any CPU
		{BD7C5A4A-A394-4961-9DAC-3F6CF4203D57}.Release|Any CPU.Build.0 = Release|Any CPU
		{85610E11-6796-40FB-9E7B-32C5CA7C14A2}.Debug|Any CPU.ActiveCfg = Debug|Any CPU
		{85610E11-6796-40FB-9E7B-32C5CA7C14A2}.Debug|Any CPU.Build.0 = Debug|Any CPU
		{85610E11-6796-40FB-9E7B-32C5CA7C14A2}.Release|Any CPU.ActiveCfg = Release|Any CPU
		{85610E11-6796-40FB-9E7B-32C5CA7C14A2}.Release|Any CPU.Build.0 = Release|Any CPU
		{EBBED5D5-6E40-4F03-A355-4D0F57E05FDA}.Debug|Any CPU.ActiveCfg = Debug|Any CPU
		{EBBED5D5-6E40-4F03-A355-4D0F57E05FDA}.Debug|Any CPU.Build.0 = Debug|Any CPU
		{EBBED5D5-6E40-4F03-A355-4D0F57E05FDA}.Release|Any CPU.ActiveCfg = Release|Any CPU
		{EBBED5D5-6E40-4F03-A355-4D0F57E05FDA}.Release|Any CPU.Build.0 = Release|Any CPU
		{110352B6-6B4A-4172-898F-84018761AF2E}.Debug|Any CPU.ActiveCfg = Debug|Any CPU
		{110352B6-6B4A-4172-898F-84018761AF2E}.Debug|Any CPU.Build.0 = Debug|Any CPU
		{110352B6-6B4A-4172-898F-84018761AF2E}.Release|Any CPU.ActiveCfg = Release|Any CPU
		{110352B6-6B4A-4172-898F-84018761AF2E}.Release|Any CPU.Build.0 = Release|Any CPU
		{84C8AB36-5D72-41C3-B9C4-F00BB2850C17}.Debug|Any CPU.ActiveCfg = Debug|Any CPU
		{84C8AB36-5D72-41C3-B9C4-F00BB2850C17}.Debug|Any CPU.Build.0 = Debug|Any CPU
		{84C8AB36-5D72-41C3-B9C4-F00BB2850C17}.Release|Any CPU.ActiveCfg = Release|Any CPU
		{84C8AB36-5D72-41C3-B9C4-F00BB2850C17}.Release|Any CPU.Build.0 = Release|Any CPU
		{96DE9EC4-ACC8-4D91-9E2D-D6D52A9B5425}.Debug|Any CPU.ActiveCfg = Debug|Any CPU
		{96DE9EC4-ACC8-4D91-9E2D-D6D52A9B5425}.Debug|Any CPU.Build.0 = Debug|Any CPU
		{96DE9EC4-ACC8-4D91-9E2D-D6D52A9B5425}.Release|Any CPU.ActiveCfg = Release|Any CPU
		{96DE9EC4-ACC8-4D91-9E2D-D6D52A9B5425}.Release|Any CPU.Build.0 = Release|Any CPU
		{E9EDC6FF-AB75-4487-9D45-D60A9EDC7789}.Debug|Any CPU.ActiveCfg = Debug|Any CPU
		{E9EDC6FF-AB75-4487-9D45-D60A9EDC7789}.Debug|Any CPU.Build.0 = Debug|Any CPU
		{E9EDC6FF-AB75-4487-9D45-D60A9EDC7789}.Release|Any CPU.ActiveCfg = Release|Any CPU
		{E9EDC6FF-AB75-4487-9D45-D60A9EDC7789}.Release|Any CPU.Build.0 = Release|Any CPU
		{F98C028D-737B-41B1-AC78-AA89839F5655}.Debug|Any CPU.ActiveCfg = Debug|Any CPU
		{F98C028D-737B-41B1-AC78-AA89839F5655}.Debug|Any CPU.Build.0 = Debug|Any CPU
		{F98C028D-737B-41B1-AC78-AA89839F5655}.Release|Any CPU.ActiveCfg = Release|Any CPU
		{F98C028D-737B-41B1-AC78-AA89839F5655}.Release|Any CPU.Build.0 = Release|Any CPU
		{197882E5-903E-40FD-9963-3AFAFFC85978}.Debug|Any CPU.ActiveCfg = Debug|Any CPU
		{197882E5-903E-40FD-9963-3AFAFFC85978}.Debug|Any CPU.Build.0 = Debug|Any CPU
		{197882E5-903E-40FD-9963-3AFAFFC85978}.Release|Any CPU.ActiveCfg = Release|Any CPU
		{197882E5-903E-40FD-9963-3AFAFFC85978}.Release|Any CPU.Build.0 = Release|Any CPU
		{DFA917A1-CFF4-454A-AE3F-38412D10B297}.Debug|Any CPU.ActiveCfg = Debug|Any CPU
		{DFA917A1-CFF4-454A-AE3F-38412D10B297}.Debug|Any CPU.Build.0 = Debug|Any CPU
		{DFA917A1-CFF4-454A-AE3F-38412D10B297}.Release|Any CPU.ActiveCfg = Release|Any CPU
		{DFA917A1-CFF4-454A-AE3F-38412D10B297}.Release|Any CPU.Build.0 = Release|Any CPU
		{D958DE95-7E2B-49B2-B2D9-866CC4F6D3F0}.Debug|Any CPU.ActiveCfg = Debug|Any CPU
		{D958DE95-7E2B-49B2-B2D9-866CC4F6D3F0}.Debug|Any CPU.Build.0 = Debug|Any CPU
		{D958DE95-7E2B-49B2-B2D9-866CC4F6D3F0}.Release|Any CPU.ActiveCfg = Release|Any CPU
		{D958DE95-7E2B-49B2-B2D9-866CC4F6D3F0}.Release|Any CPU.Build.0 = Release|Any CPU
		{EFF3C72E-CA27-4290-9869-44308747E719}.Debug|Any CPU.ActiveCfg = Debug|Any CPU
		{EFF3C72E-CA27-4290-9869-44308747E719}.Debug|Any CPU.Build.0 = Debug|Any CPU
		{EFF3C72E-CA27-4290-9869-44308747E719}.Release|Any CPU.ActiveCfg = Release|Any CPU
		{EFF3C72E-CA27-4290-9869-44308747E719}.Release|Any CPU.Build.0 = Release|Any CPU
		{E1E0580B-4932-44CA-A94D-B29FCF947D19}.Debug|Any CPU.ActiveCfg = Debug|Any CPU
		{E1E0580B-4932-44CA-A94D-B29FCF947D19}.Debug|Any CPU.Build.0 = Debug|Any CPU
		{E1E0580B-4932-44CA-A94D-B29FCF947D19}.Release|Any CPU.ActiveCfg = Release|Any CPU
		{E1E0580B-4932-44CA-A94D-B29FCF947D19}.Release|Any CPU.Build.0 = Release|Any CPU
		{F67BE8BE-C23C-4F9B-A91D-7B77AD1E8D55}.Debug|Any CPU.ActiveCfg = Debug|Any CPU
		{F67BE8BE-C23C-4F9B-A91D-7B77AD1E8D55}.Debug|Any CPU.Build.0 = Debug|Any CPU
		{F67BE8BE-C23C-4F9B-A91D-7B77AD1E8D55}.Release|Any CPU.ActiveCfg = Release|Any CPU
		{F67BE8BE-C23C-4F9B-A91D-7B77AD1E8D55}.Release|Any CPU.Build.0 = Release|Any CPU
		{7CA0E23D-7255-481D-966C-DD24AD9A85D0}.Debug|Any CPU.ActiveCfg = Debug|Any CPU
		{7CA0E23D-7255-481D-966C-DD24AD9A85D0}.Debug|Any CPU.Build.0 = Debug|Any CPU
		{7CA0E23D-7255-481D-966C-DD24AD9A85D0}.Release|Any CPU.ActiveCfg = Release|Any CPU
		{7CA0E23D-7255-481D-966C-DD24AD9A85D0}.Release|Any CPU.Build.0 = Release|Any CPU
		{DA998B9B-ABEA-4389-82A8-1FCA3368ECE3}.Debug|Any CPU.ActiveCfg = Debug|Any CPU
		{DA998B9B-ABEA-4389-82A8-1FCA3368ECE3}.Debug|Any CPU.Build.0 = Debug|Any CPU
		{DA998B9B-ABEA-4389-82A8-1FCA3368ECE3}.Release|Any CPU.ActiveCfg = Release|Any CPU
		{DA998B9B-ABEA-4389-82A8-1FCA3368ECE3}.Release|Any CPU.Build.0 = Release|Any CPU
		{56A9443B-6C54-4C7A-84E8-C5CBDBA0E6FD}.Debug|Any CPU.ActiveCfg = Debug|Any CPU
		{56A9443B-6C54-4C7A-84E8-C5CBDBA0E6FD}.Debug|Any CPU.Build.0 = Debug|Any CPU
		{56A9443B-6C54-4C7A-84E8-C5CBDBA0E6FD}.Release|Any CPU.ActiveCfg = Release|Any CPU
		{56A9443B-6C54-4C7A-84E8-C5CBDBA0E6FD}.Release|Any CPU.Build.0 = Release|Any CPU
		{C3ADDFBA-2DAE-4AD4-B99F-EBC0990D5E7F}.Debug|Any CPU.ActiveCfg = Debug|Any CPU
		{C3ADDFBA-2DAE-4AD4-B99F-EBC0990D5E7F}.Debug|Any CPU.Build.0 = Debug|Any CPU
		{C3ADDFBA-2DAE-4AD4-B99F-EBC0990D5E7F}.Release|Any CPU.ActiveCfg = Release|Any CPU
		{C3ADDFBA-2DAE-4AD4-B99F-EBC0990D5E7F}.Release|Any CPU.Build.0 = Release|Any CPU
		{FD682840-FDBD-4548-84FB-0A1B153A82DA}.Debug|Any CPU.ActiveCfg = Debug|Any CPU
		{FD682840-FDBD-4548-84FB-0A1B153A82DA}.Debug|Any CPU.Build.0 = Debug|Any CPU
		{FD682840-FDBD-4548-84FB-0A1B153A82DA}.Release|Any CPU.ActiveCfg = Release|Any CPU
		{FD682840-FDBD-4548-84FB-0A1B153A82DA}.Release|Any CPU.Build.0 = Release|Any CPU
		{DFC06E5E-D824-4A04-A72D-1984C77AA300}.Debug|Any CPU.ActiveCfg = Debug|Any CPU
		{DFC06E5E-D824-4A04-A72D-1984C77AA300}.Debug|Any CPU.Build.0 = Debug|Any CPU
		{DFC06E5E-D824-4A04-A72D-1984C77AA300}.Release|Any CPU.ActiveCfg = Release|Any CPU
		{DFC06E5E-D824-4A04-A72D-1984C77AA300}.Release|Any CPU.Build.0 = Release|Any CPU
		{5A03AFEC-CBFE-460E-B7DE-CEF3275C2D98}.Debug|Any CPU.ActiveCfg = Debug|Any CPU
		{5A03AFEC-CBFE-460E-B7DE-CEF3275C2D98}.Debug|Any CPU.Build.0 = Debug|Any CPU
		{5A03AFEC-CBFE-460E-B7DE-CEF3275C2D98}.Release|Any CPU.ActiveCfg = Release|Any CPU
		{5A03AFEC-CBFE-460E-B7DE-CEF3275C2D98}.Release|Any CPU.Build.0 = Release|Any CPU
		{DEC85537-0690-45D5-BD02-8BC28F67443D}.Debug|Any CPU.ActiveCfg = Debug|Any CPU
		{DEC85537-0690-45D5-BD02-8BC28F67443D}.Debug|Any CPU.Build.0 = Debug|Any CPU
		{DEC85537-0690-45D5-BD02-8BC28F67443D}.Release|Any CPU.ActiveCfg = Release|Any CPU
		{DEC85537-0690-45D5-BD02-8BC28F67443D}.Release|Any CPU.Build.0 = Release|Any CPU
		{080E3A8C-7284-45FE-865D-CBC07C4725CF}.Debug|Any CPU.ActiveCfg = Debug|Any CPU
		{080E3A8C-7284-45FE-865D-CBC07C4725CF}.Debug|Any CPU.Build.0 = Debug|Any CPU
		{080E3A8C-7284-45FE-865D-CBC07C4725CF}.Release|Any CPU.ActiveCfg = Release|Any CPU
		{080E3A8C-7284-45FE-865D-CBC07C4725CF}.Release|Any CPU.Build.0 = Release|Any CPU
		{EF6F8026-740F-4E17-A09F-3EEAC37319A5}.Debug|Any CPU.ActiveCfg = Debug|Any CPU
		{EF6F8026-740F-4E17-A09F-3EEAC37319A5}.Debug|Any CPU.Build.0 = Debug|Any CPU
		{EF6F8026-740F-4E17-A09F-3EEAC37319A5}.Release|Any CPU.ActiveCfg = Release|Any CPU
		{EF6F8026-740F-4E17-A09F-3EEAC37319A5}.Release|Any CPU.Build.0 = Release|Any CPU
		{612657EF-E3FD-4D61-98C2-66D191CCC1D9}.Debug|Any CPU.ActiveCfg = Debug|Any CPU
		{612657EF-E3FD-4D61-98C2-66D191CCC1D9}.Debug|Any CPU.Build.0 = Debug|Any CPU
		{612657EF-E3FD-4D61-98C2-66D191CCC1D9}.Release|Any CPU.ActiveCfg = Release|Any CPU
		{612657EF-E3FD-4D61-98C2-66D191CCC1D9}.Release|Any CPU.Build.0 = Release|Any CPU
		{6ABC7498-9885-4913-865C-017090A58FEE}.Debug|Any CPU.ActiveCfg = Debug|Any CPU
		{6ABC7498-9885-4913-865C-017090A58FEE}.Debug|Any CPU.Build.0 = Debug|Any CPU
		{6ABC7498-9885-4913-865C-017090A58FEE}.Release|Any CPU.ActiveCfg = Release|Any CPU
		{6ABC7498-9885-4913-865C-017090A58FEE}.Release|Any CPU.Build.0 = Release|Any CPU
		{E4A787A2-D08D-4F41-A287-800093FFCFCB}.Debug|Any CPU.ActiveCfg = Debug|Any CPU
		{E4A787A2-D08D-4F41-A287-800093FFCFCB}.Debug|Any CPU.Build.0 = Debug|Any CPU
		{E4A787A2-D08D-4F41-A287-800093FFCFCB}.Release|Any CPU.ActiveCfg = Release|Any CPU
		{E4A787A2-D08D-4F41-A287-800093FFCFCB}.Release|Any CPU.Build.0 = Release|Any CPU
		{430D8DC6-D188-4D3C-8EC4-D67065267320}.Debug|Any CPU.ActiveCfg = Debug|Any CPU
		{430D8DC6-D188-4D3C-8EC4-D67065267320}.Debug|Any CPU.Build.0 = Debug|Any CPU
		{430D8DC6-D188-4D3C-8EC4-D67065267320}.Release|Any CPU.ActiveCfg = Release|Any CPU
		{430D8DC6-D188-4D3C-8EC4-D67065267320}.Release|Any CPU.Build.0 = Release|Any CPU
		{348B29C1-CBCE-41BA-A524-60B9FBC49757}.Debug|Any CPU.ActiveCfg = Debug|Any CPU
		{348B29C1-CBCE-41BA-A524-60B9FBC49757}.Debug|Any CPU.Build.0 = Debug|Any CPU
		{348B29C1-CBCE-41BA-A524-60B9FBC49757}.Release|Any CPU.ActiveCfg = Release|Any CPU
		{348B29C1-CBCE-41BA-A524-60B9FBC49757}.Release|Any CPU.Build.0 = Release|Any CPU
		{104215E5-C277-4D43-A52C-B31467312299}.Debug|Any CPU.ActiveCfg = Debug|Any CPU
		{104215E5-C277-4D43-A52C-B31467312299}.Debug|Any CPU.Build.0 = Debug|Any CPU
		{104215E5-C277-4D43-A52C-B31467312299}.Release|Any CPU.ActiveCfg = Release|Any CPU
		{104215E5-C277-4D43-A52C-B31467312299}.Release|Any CPU.Build.0 = Release|Any CPU
		{844E25D7-5D76-43C4-AC56-5136E801084D}.Debug|Any CPU.ActiveCfg = Debug|Any CPU
		{844E25D7-5D76-43C4-AC56-5136E801084D}.Debug|Any CPU.Build.0 = Debug|Any CPU
		{844E25D7-5D76-43C4-AC56-5136E801084D}.Release|Any CPU.ActiveCfg = Release|Any CPU
		{844E25D7-5D76-43C4-AC56-5136E801084D}.Release|Any CPU.Build.0 = Release|Any CPU
		{EA29414E-93F8-472B-90AF-B46D5F2C0C2C}.Debug|Any CPU.ActiveCfg = Debug|Any CPU
		{EA29414E-93F8-472B-90AF-B46D5F2C0C2C}.Debug|Any CPU.Build.0 = Debug|Any CPU
		{EA29414E-93F8-472B-90AF-B46D5F2C0C2C}.Release|Any CPU.ActiveCfg = Release|Any CPU
		{EA29414E-93F8-472B-90AF-B46D5F2C0C2C}.Release|Any CPU.Build.0 = Release|Any CPU
		{6BB20CFB-D3F8-4C89-98C0-5FC2C6B31372}.Debug|Any CPU.ActiveCfg = Debug|Any CPU
		{6BB20CFB-D3F8-4C89-98C0-5FC2C6B31372}.Debug|Any CPU.Build.0 = Debug|Any CPU
		{6BB20CFB-D3F8-4C89-98C0-5FC2C6B31372}.Release|Any CPU.ActiveCfg = Release|Any CPU
		{6BB20CFB-D3F8-4C89-98C0-5FC2C6B31372}.Release|Any CPU.Build.0 = Release|Any CPU
		{155A25D0-60B0-4D1C-B53A-6A262612B02B}.Debug|Any CPU.ActiveCfg = Debug|Any CPU
		{155A25D0-60B0-4D1C-B53A-6A262612B02B}.Debug|Any CPU.Build.0 = Debug|Any CPU
		{155A25D0-60B0-4D1C-B53A-6A262612B02B}.Release|Any CPU.ActiveCfg = Release|Any CPU
		{155A25D0-60B0-4D1C-B53A-6A262612B02B}.Release|Any CPU.Build.0 = Release|Any CPU
		{F3FE9EEB-505D-4BBB-A164-DCA766BF42B5}.Debug|Any CPU.ActiveCfg = Debug|Any CPU
		{F3FE9EEB-505D-4BBB-A164-DCA766BF42B5}.Debug|Any CPU.Build.0 = Debug|Any CPU
		{F3FE9EEB-505D-4BBB-A164-DCA766BF42B5}.Release|Any CPU.ActiveCfg = Release|Any CPU
		{F3FE9EEB-505D-4BBB-A164-DCA766BF42B5}.Release|Any CPU.Build.0 = Release|Any CPU
		{0B6AFC30-0900-490A-88B4-96B779519B9D}.Debug|Any CPU.ActiveCfg = Debug|Any CPU
		{0B6AFC30-0900-490A-88B4-96B779519B9D}.Debug|Any CPU.Build.0 = Debug|Any CPU
		{0B6AFC30-0900-490A-88B4-96B779519B9D}.Release|Any CPU.ActiveCfg = Release|Any CPU
		{0B6AFC30-0900-490A-88B4-96B779519B9D}.Release|Any CPU.Build.0 = Release|Any CPU
		{65432E8F-25EC-459C-911E-F1344A9BC012}.Debug|Any CPU.ActiveCfg = Debug|Any CPU
		{65432E8F-25EC-459C-911E-F1344A9BC012}.Debug|Any CPU.Build.0 = Debug|Any CPU
		{65432E8F-25EC-459C-911E-F1344A9BC012}.Release|Any CPU.ActiveCfg = Release|Any CPU
		{65432E8F-25EC-459C-911E-F1344A9BC012}.Release|Any CPU.Build.0 = Release|Any CPU
		{4AA627B6-66EE-4A52-8983-28ADA518C735}.Debug|Any CPU.ActiveCfg = Debug|Any CPU
		{4AA627B6-66EE-4A52-8983-28ADA518C735}.Debug|Any CPU.Build.0 = Debug|Any CPU
		{4AA627B6-66EE-4A52-8983-28ADA518C735}.Release|Any CPU.ActiveCfg = Release|Any CPU
		{4AA627B6-66EE-4A52-8983-28ADA518C735}.Release|Any CPU.Build.0 = Release|Any CPU
		{779BE120-644F-4AB1-A6B6-D684738E7473}.Debug|Any CPU.ActiveCfg = Debug|Any CPU
		{779BE120-644F-4AB1-A6B6-D684738E7473}.Debug|Any CPU.Build.0 = Debug|Any CPU
		{779BE120-644F-4AB1-A6B6-D684738E7473}.Release|Any CPU.ActiveCfg = Release|Any CPU
		{779BE120-644F-4AB1-A6B6-D684738E7473}.Release|Any CPU.Build.0 = Release|Any CPU
		{2A3A0C62-40E5-4D77-AE6E-6466D8AD7648}.Debug|Any CPU.ActiveCfg = Debug|Any CPU
		{2A3A0C62-40E5-4D77-AE6E-6466D8AD7648}.Debug|Any CPU.Build.0 = Debug|Any CPU
		{2A3A0C62-40E5-4D77-AE6E-6466D8AD7648}.Release|Any CPU.ActiveCfg = Release|Any CPU
		{2A3A0C62-40E5-4D77-AE6E-6466D8AD7648}.Release|Any CPU.Build.0 = Release|Any CPU
		{D9807E29-FF87-497E-A460-70742308C97E}.Debug|Any CPU.ActiveCfg = Debug|Any CPU
		{D9807E29-FF87-497E-A460-70742308C97E}.Debug|Any CPU.Build.0 = Debug|Any CPU
		{D9807E29-FF87-497E-A460-70742308C97E}.Release|Any CPU.ActiveCfg = Release|Any CPU
		{D9807E29-FF87-497E-A460-70742308C97E}.Release|Any CPU.Build.0 = Release|Any CPU
		{4A4941B7-3227-4D66-AE89-D9FFD36996C4}.Debug|Any CPU.ActiveCfg = Debug|Any CPU
		{4A4941B7-3227-4D66-AE89-D9FFD36996C4}.Debug|Any CPU.Build.0 = Debug|Any CPU
		{4A4941B7-3227-4D66-AE89-D9FFD36996C4}.Release|Any CPU.ActiveCfg = Release|Any CPU
		{4A4941B7-3227-4D66-AE89-D9FFD36996C4}.Release|Any CPU.Build.0 = Release|Any CPU
		{8A279F25-FDA7-4D4B-8D6F-BC6D1AD3B7AE}.Debug|Any CPU.ActiveCfg = Debug|Any CPU
		{8A279F25-FDA7-4D4B-8D6F-BC6D1AD3B7AE}.Debug|Any CPU.Build.0 = Debug|Any CPU
		{8A279F25-FDA7-4D4B-8D6F-BC6D1AD3B7AE}.Release|Any CPU.ActiveCfg = Release|Any CPU
		{8A279F25-FDA7-4D4B-8D6F-BC6D1AD3B7AE}.Release|Any CPU.Build.0 = Release|Any CPU
		{3860C0FF-3BB7-4B41-A635-00C7CB53226D}.Debug|Any CPU.ActiveCfg = Debug|Any CPU
		{3860C0FF-3BB7-4B41-A635-00C7CB53226D}.Debug|Any CPU.Build.0 = Debug|Any CPU
		{3860C0FF-3BB7-4B41-A635-00C7CB53226D}.Release|Any CPU.ActiveCfg = Release|Any CPU
		{3860C0FF-3BB7-4B41-A635-00C7CB53226D}.Release|Any CPU.Build.0 = Release|Any CPU
		{4C30DAEE-FAFD-4CA0-93B2-316F772D06BA}.Debug|Any CPU.ActiveCfg = Debug|Any CPU
		{4C30DAEE-FAFD-4CA0-93B2-316F772D06BA}.Debug|Any CPU.Build.0 = Debug|Any CPU
		{4C30DAEE-FAFD-4CA0-93B2-316F772D06BA}.Release|Any CPU.ActiveCfg = Release|Any CPU
		{4C30DAEE-FAFD-4CA0-93B2-316F772D06BA}.Release|Any CPU.Build.0 = Release|Any CPU
		{5434D738-3B1F-4C7E-8805-AF3A7310A9F7}.Debug|Any CPU.ActiveCfg = Debug|Any CPU
		{5434D738-3B1F-4C7E-8805-AF3A7310A9F7}.Debug|Any CPU.Build.0 = Debug|Any CPU
		{5434D738-3B1F-4C7E-8805-AF3A7310A9F7}.Release|Any CPU.ActiveCfg = Release|Any CPU
		{5434D738-3B1F-4C7E-8805-AF3A7310A9F7}.Release|Any CPU.Build.0 = Release|Any CPU
		{3C71E421-2A98-4B06-B708-888E5E77D7F3}.Debug|Any CPU.ActiveCfg = Debug|Any CPU
		{3C71E421-2A98-4B06-B708-888E5E77D7F3}.Debug|Any CPU.Build.0 = Debug|Any CPU
		{3C71E421-2A98-4B06-B708-888E5E77D7F3}.Release|Any CPU.ActiveCfg = Release|Any CPU
		{3C71E421-2A98-4B06-B708-888E5E77D7F3}.Release|Any CPU.Build.0 = Release|Any CPU
		{C0BD6D8D-50BD-4C80-BD59-1AFB17E146C3}.Debug|Any CPU.ActiveCfg = Debug|Any CPU
		{C0BD6D8D-50BD-4C80-BD59-1AFB17E146C3}.Debug|Any CPU.Build.0 = Debug|Any CPU
		{C0BD6D8D-50BD-4C80-BD59-1AFB17E146C3}.Release|Any CPU.ActiveCfg = Release|Any CPU
		{C0BD6D8D-50BD-4C80-BD59-1AFB17E146C3}.Release|Any CPU.Build.0 = Release|Any CPU
		{2A3431AE-002D-4B07-B681-21942166995C}.Debug|Any CPU.ActiveCfg = Debug|Any CPU
		{2A3431AE-002D-4B07-B681-21942166995C}.Debug|Any CPU.Build.0 = Debug|Any CPU
		{2A3431AE-002D-4B07-B681-21942166995C}.Release|Any CPU.ActiveCfg = Release|Any CPU
		{2A3431AE-002D-4B07-B681-21942166995C}.Release|Any CPU.Build.0 = Release|Any CPU
		{A775ED6F-5FD3-4315-BD97-537BF9999300}.Debug|Any CPU.ActiveCfg = Debug|Any CPU
		{A775ED6F-5FD3-4315-BD97-537BF9999300}.Debug|Any CPU.Build.0 = Debug|Any CPU
		{A775ED6F-5FD3-4315-BD97-537BF9999300}.Release|Any CPU.ActiveCfg = Release|Any CPU
		{A775ED6F-5FD3-4315-BD97-537BF9999300}.Release|Any CPU.Build.0 = Release|Any CPU
		{9A3F6016-5760-4975-8217-5731AC5E8AB4}.Debug|Any CPU.ActiveCfg = Debug|Any CPU
		{9A3F6016-5760-4975-8217-5731AC5E8AB4}.Debug|Any CPU.Build.0 = Debug|Any CPU
		{9A3F6016-5760-4975-8217-5731AC5E8AB4}.Release|Any CPU.ActiveCfg = Release|Any CPU
		{9A3F6016-5760-4975-8217-5731AC5E8AB4}.Release|Any CPU.Build.0 = Release|Any CPU
		{0EFD1FBE-B627-4680-9A66-B95AA347EB48}.Debug|Any CPU.ActiveCfg = Debug|Any CPU
		{0EFD1FBE-B627-4680-9A66-B95AA347EB48}.Debug|Any CPU.Build.0 = Debug|Any CPU
		{0EFD1FBE-B627-4680-9A66-B95AA347EB48}.Release|Any CPU.ActiveCfg = Release|Any CPU
		{0EFD1FBE-B627-4680-9A66-B95AA347EB48}.Release|Any CPU.Build.0 = Release|Any CPU
		{765DCF89-5FB5-4508-AB77-112EE42C7038}.Debug|Any CPU.ActiveCfg = Debug|Any CPU
		{765DCF89-5FB5-4508-AB77-112EE42C7038}.Debug|Any CPU.Build.0 = Debug|Any CPU
		{765DCF89-5FB5-4508-AB77-112EE42C7038}.Release|Any CPU.ActiveCfg = Release|Any CPU
		{765DCF89-5FB5-4508-AB77-112EE42C7038}.Release|Any CPU.Build.0 = Release|Any CPU
		{F548BD14-E8AA-4223-B6E1-4307267A8D8F}.Debug|Any CPU.ActiveCfg = Debug|Any CPU
		{F548BD14-E8AA-4223-B6E1-4307267A8D8F}.Debug|Any CPU.Build.0 = Debug|Any CPU
		{F548BD14-E8AA-4223-B6E1-4307267A8D8F}.Release|Any CPU.ActiveCfg = Release|Any CPU
		{F548BD14-E8AA-4223-B6E1-4307267A8D8F}.Release|Any CPU.Build.0 = Release|Any CPU
		{C895D63B-7C0B-4C7E-BF79-E95B4DEED088}.Debug|Any CPU.ActiveCfg = Debug|Any CPU
		{C895D63B-7C0B-4C7E-BF79-E95B4DEED088}.Debug|Any CPU.Build.0 = Debug|Any CPU
		{C895D63B-7C0B-4C7E-BF79-E95B4DEED088}.Release|Any CPU.ActiveCfg = Release|Any CPU
		{C895D63B-7C0B-4C7E-BF79-E95B4DEED088}.Release|Any CPU.Build.0 = Release|Any CPU
		{94812B4A-CEFA-453C-BFF1-31C702D17C8B}.Debug|Any CPU.ActiveCfg = Debug|Any CPU
		{94812B4A-CEFA-453C-BFF1-31C702D17C8B}.Debug|Any CPU.Build.0 = Debug|Any CPU
		{94812B4A-CEFA-453C-BFF1-31C702D17C8B}.Release|Any CPU.ActiveCfg = Release|Any CPU
		{94812B4A-CEFA-453C-BFF1-31C702D17C8B}.Release|Any CPU.Build.0 = Release|Any CPU
		{D08034EB-046A-4811-A84B-55A4DB3386D4}.Debug|Any CPU.ActiveCfg = Debug|Any CPU
		{D08034EB-046A-4811-A84B-55A4DB3386D4}.Debug|Any CPU.Build.0 = Debug|Any CPU
		{D08034EB-046A-4811-A84B-55A4DB3386D4}.Release|Any CPU.ActiveCfg = Release|Any CPU
		{D08034EB-046A-4811-A84B-55A4DB3386D4}.Release|Any CPU.Build.0 = Release|Any CPU
		{DA3D9481-22D5-427A-9ECB-F60644FCAB78}.Debug|Any CPU.ActiveCfg = Debug|Any CPU
		{DA3D9481-22D5-427A-9ECB-F60644FCAB78}.Debug|Any CPU.Build.0 = Debug|Any CPU
		{DA3D9481-22D5-427A-9ECB-F60644FCAB78}.Release|Any CPU.ActiveCfg = Release|Any CPU
		{DA3D9481-22D5-427A-9ECB-F60644FCAB78}.Release|Any CPU.Build.0 = Release|Any CPU
		{FD5B3515-66D6-4724-99D2-805B8D35966C}.Debug|Any CPU.ActiveCfg = Debug|Any CPU
		{FD5B3515-66D6-4724-99D2-805B8D35966C}.Debug|Any CPU.Build.0 = Debug|Any CPU
		{FD5B3515-66D6-4724-99D2-805B8D35966C}.Release|Any CPU.ActiveCfg = Release|Any CPU
		{FD5B3515-66D6-4724-99D2-805B8D35966C}.Release|Any CPU.Build.0 = Release|Any CPU
		{27964F69-935D-4366-9B2B-0632189C2B20}.Debug|Any CPU.ActiveCfg = Debug|Any CPU
		{27964F69-935D-4366-9B2B-0632189C2B20}.Debug|Any CPU.Build.0 = Debug|Any CPU
		{27964F69-935D-4366-9B2B-0632189C2B20}.Release|Any CPU.ActiveCfg = Release|Any CPU
		{27964F69-935D-4366-9B2B-0632189C2B20}.Release|Any CPU.Build.0 = Release|Any CPU
		{DCFD5456-8398-4A2B-8FF8-9A710D3DC29C}.Debug|Any CPU.ActiveCfg = Debug|Any CPU
		{DCFD5456-8398-4A2B-8FF8-9A710D3DC29C}.Debug|Any CPU.Build.0 = Debug|Any CPU
		{DCFD5456-8398-4A2B-8FF8-9A710D3DC29C}.Release|Any CPU.ActiveCfg = Release|Any CPU
		{DCFD5456-8398-4A2B-8FF8-9A710D3DC29C}.Release|Any CPU.Build.0 = Release|Any CPU
		{683CB9AD-97C5-4EEA-8E12-80086B3C5380}.Debug|Any CPU.ActiveCfg = Debug|Any CPU
		{683CB9AD-97C5-4EEA-8E12-80086B3C5380}.Debug|Any CPU.Build.0 = Debug|Any CPU
		{683CB9AD-97C5-4EEA-8E12-80086B3C5380}.Release|Any CPU.ActiveCfg = Release|Any CPU
		{683CB9AD-97C5-4EEA-8E12-80086B3C5380}.Release|Any CPU.Build.0 = Release|Any CPU
		{01EF2E61-7968-4D38-9AAC-F719601F34C4}.Debug|Any CPU.ActiveCfg = Debug|Any CPU
		{01EF2E61-7968-4D38-9AAC-F719601F34C4}.Debug|Any CPU.Build.0 = Debug|Any CPU
		{01EF2E61-7968-4D38-9AAC-F719601F34C4}.Release|Any CPU.ActiveCfg = Release|Any CPU
		{01EF2E61-7968-4D38-9AAC-F719601F34C4}.Release|Any CPU.Build.0 = Release|Any CPU
		{B3F320B3-ECF4-4CCB-95E7-203794224C4F}.Debug|Any CPU.ActiveCfg = Debug|Any CPU
		{B3F320B3-ECF4-4CCB-95E7-203794224C4F}.Debug|Any CPU.Build.0 = Debug|Any CPU
		{B3F320B3-ECF4-4CCB-95E7-203794224C4F}.Release|Any CPU.ActiveCfg = Release|Any CPU
		{B3F320B3-ECF4-4CCB-95E7-203794224C4F}.Release|Any CPU.Build.0 = Release|Any CPU
		{CFBE6C20-076E-4427-BA49-557753ECDB09}.Debug|Any CPU.ActiveCfg = Debug|Any CPU
		{CFBE6C20-076E-4427-BA49-557753ECDB09}.Debug|Any CPU.Build.0 = Debug|Any CPU
		{CFBE6C20-076E-4427-BA49-557753ECDB09}.Release|Any CPU.ActiveCfg = Release|Any CPU
		{CFBE6C20-076E-4427-BA49-557753ECDB09}.Release|Any CPU.Build.0 = Release|Any CPU
		{A8848F4C-E3C6-49DC-98F9-3E2065B24B46}.Debug|Any CPU.ActiveCfg = Debug|Any CPU
		{A8848F4C-E3C6-49DC-98F9-3E2065B24B46}.Debug|Any CPU.Build.0 = Debug|Any CPU
		{A8848F4C-E3C6-49DC-98F9-3E2065B24B46}.Release|Any CPU.ActiveCfg = Release|Any CPU
		{A8848F4C-E3C6-49DC-98F9-3E2065B24B46}.Release|Any CPU.Build.0 = Release|Any CPU
		{0ED8CD74-BB01-4F5B-AB14-7D88515A0882}.Debug|Any CPU.ActiveCfg = Debug|Any CPU
		{0ED8CD74-BB01-4F5B-AB14-7D88515A0882}.Debug|Any CPU.Build.0 = Debug|Any CPU
		{0ED8CD74-BB01-4F5B-AB14-7D88515A0882}.Release|Any CPU.ActiveCfg = Release|Any CPU
		{0ED8CD74-BB01-4F5B-AB14-7D88515A0882}.Release|Any CPU.Build.0 = Release|Any CPU
		{83CA0D39-50F6-450B-A596-5D3535675FD7}.Debug|Any CPU.ActiveCfg = Debug|Any CPU
		{83CA0D39-50F6-450B-A596-5D3535675FD7}.Debug|Any CPU.Build.0 = Debug|Any CPU
		{83CA0D39-50F6-450B-A596-5D3535675FD7}.Release|Any CPU.ActiveCfg = Release|Any CPU
		{83CA0D39-50F6-450B-A596-5D3535675FD7}.Release|Any CPU.Build.0 = Release|Any CPU
		{AB1E5CA2-0722-4A12-99B5-9EA15C00B532}.Debug|Any CPU.ActiveCfg = Debug|Any CPU
		{AB1E5CA2-0722-4A12-99B5-9EA15C00B532}.Debug|Any CPU.Build.0 = Debug|Any CPU
		{AB1E5CA2-0722-4A12-99B5-9EA15C00B532}.Release|Any CPU.ActiveCfg = Release|Any CPU
		{AB1E5CA2-0722-4A12-99B5-9EA15C00B532}.Release|Any CPU.Build.0 = Release|Any CPU
		{DB0A4C79-B840-4431-954B-43C26A1CBFB4}.Debug|Any CPU.ActiveCfg = Debug|Any CPU
		{DB0A4C79-B840-4431-954B-43C26A1CBFB4}.Debug|Any CPU.Build.0 = Debug|Any CPU
		{DB0A4C79-B840-4431-954B-43C26A1CBFB4}.Release|Any CPU.ActiveCfg = Release|Any CPU
		{DB0A4C79-B840-4431-954B-43C26A1CBFB4}.Release|Any CPU.Build.0 = Release|Any CPU
		{5A93EC88-9788-43E0-92EA-9496B86C26E6}.Debug|Any CPU.ActiveCfg = Debug|Any CPU
		{5A93EC88-9788-43E0-92EA-9496B86C26E6}.Debug|Any CPU.Build.0 = Debug|Any CPU
		{5A93EC88-9788-43E0-92EA-9496B86C26E6}.Release|Any CPU.ActiveCfg = Release|Any CPU
		{5A93EC88-9788-43E0-92EA-9496B86C26E6}.Release|Any CPU.Build.0 = Release|Any CPU
		{42C550DD-AB81-427E-94FC-7F057941D6AA}.Debug|Any CPU.ActiveCfg = Debug|Any CPU
		{42C550DD-AB81-427E-94FC-7F057941D6AA}.Debug|Any CPU.Build.0 = Debug|Any CPU
		{42C550DD-AB81-427E-94FC-7F057941D6AA}.Release|Any CPU.ActiveCfg = Release|Any CPU
		{42C550DD-AB81-427E-94FC-7F057941D6AA}.Release|Any CPU.Build.0 = Release|Any CPU
		{D464E26E-C684-4F58-AB02-1BC4CA32454B}.Debug|Any CPU.ActiveCfg = Debug|Any CPU
		{D464E26E-C684-4F58-AB02-1BC4CA32454B}.Debug|Any CPU.Build.0 = Debug|Any CPU
		{D464E26E-C684-4F58-AB02-1BC4CA32454B}.Release|Any CPU.ActiveCfg = Release|Any CPU
		{D464E26E-C684-4F58-AB02-1BC4CA32454B}.Release|Any CPU.Build.0 = Release|Any CPU
		{EAED7B73-E459-489F-AC7D-4DACC3197D9A}.Debug|Any CPU.ActiveCfg = Debug|Any CPU
		{EAED7B73-E459-489F-AC7D-4DACC3197D9A}.Debug|Any CPU.Build.0 = Debug|Any CPU
		{EAED7B73-E459-489F-AC7D-4DACC3197D9A}.Release|Any CPU.ActiveCfg = Release|Any CPU
		{EAED7B73-E459-489F-AC7D-4DACC3197D9A}.Release|Any CPU.Build.0 = Release|Any CPU
		{6C33BCCD-3BC1-4C47-9BAF-59BA4CC1A8A9}.Debug|Any CPU.ActiveCfg = Debug|Any CPU
		{6C33BCCD-3BC1-4C47-9BAF-59BA4CC1A8A9}.Debug|Any CPU.Build.0 = Debug|Any CPU
		{6C33BCCD-3BC1-4C47-9BAF-59BA4CC1A8A9}.Release|Any CPU.ActiveCfg = Release|Any CPU
		{6C33BCCD-3BC1-4C47-9BAF-59BA4CC1A8A9}.Release|Any CPU.Build.0 = Release|Any CPU
		{0841DB40-1807-4CBF-9F54-9548D36C581D}.Debug|Any CPU.ActiveCfg = Debug|Any CPU
		{0841DB40-1807-4CBF-9F54-9548D36C581D}.Debug|Any CPU.Build.0 = Debug|Any CPU
		{0841DB40-1807-4CBF-9F54-9548D36C581D}.Release|Any CPU.ActiveCfg = Release|Any CPU
		{0841DB40-1807-4CBF-9F54-9548D36C581D}.Release|Any CPU.Build.0 = Release|Any CPU
		{836DB46B-86D6-47DD-8CF9-39BE99A17B13}.Debug|Any CPU.ActiveCfg = Debug|Any CPU
		{836DB46B-86D6-47DD-8CF9-39BE99A17B13}.Debug|Any CPU.Build.0 = Debug|Any CPU
		{836DB46B-86D6-47DD-8CF9-39BE99A17B13}.Release|Any CPU.ActiveCfg = Release|Any CPU
		{836DB46B-86D6-47DD-8CF9-39BE99A17B13}.Release|Any CPU.Build.0 = Release|Any CPU
		{26B8B5A6-6135-407B-B498-DA38FCED0C9E}.Debug|Any CPU.ActiveCfg = Debug|Any CPU
		{26B8B5A6-6135-407B-B498-DA38FCED0C9E}.Debug|Any CPU.Build.0 = Debug|Any CPU
		{26B8B5A6-6135-407B-B498-DA38FCED0C9E}.Release|Any CPU.ActiveCfg = Release|Any CPU
		{26B8B5A6-6135-407B-B498-DA38FCED0C9E}.Release|Any CPU.Build.0 = Release|Any CPU
		{323AB4E9-12C2-4680-9D2F-1A1C66C45FF4}.Debug|Any CPU.ActiveCfg = Debug|Any CPU
		{323AB4E9-12C2-4680-9D2F-1A1C66C45FF4}.Debug|Any CPU.Build.0 = Debug|Any CPU
		{323AB4E9-12C2-4680-9D2F-1A1C66C45FF4}.Release|Any CPU.ActiveCfg = Release|Any CPU
		{323AB4E9-12C2-4680-9D2F-1A1C66C45FF4}.Release|Any CPU.Build.0 = Release|Any CPU
		{E024A64C-242E-4E07-A9CE-3B19028C3240}.Debug|Any CPU.ActiveCfg = Debug|Any CPU
		{E024A64C-242E-4E07-A9CE-3B19028C3240}.Debug|Any CPU.Build.0 = Debug|Any CPU
		{E024A64C-242E-4E07-A9CE-3B19028C3240}.Release|Any CPU.ActiveCfg = Release|Any CPU
		{E024A64C-242E-4E07-A9CE-3B19028C3240}.Release|Any CPU.Build.0 = Release|Any CPU
		{EA37AB73-1EA7-4994-86B0-031854D737A8}.Debug|Any CPU.ActiveCfg = Debug|Any CPU
		{EA37AB73-1EA7-4994-86B0-031854D737A8}.Debug|Any CPU.Build.0 = Debug|Any CPU
		{EA37AB73-1EA7-4994-86B0-031854D737A8}.Release|Any CPU.ActiveCfg = Release|Any CPU
		{EA37AB73-1EA7-4994-86B0-031854D737A8}.Release|Any CPU.Build.0 = Release|Any CPU
		{1FE586BD-20F6-442B-BB89-119E30AC4E72}.Debug|Any CPU.ActiveCfg = Debug|Any CPU
		{1FE586BD-20F6-442B-BB89-119E30AC4E72}.Debug|Any CPU.Build.0 = Debug|Any CPU
		{1FE586BD-20F6-442B-BB89-119E30AC4E72}.Release|Any CPU.ActiveCfg = Release|Any CPU
		{1FE586BD-20F6-442B-BB89-119E30AC4E72}.Release|Any CPU.Build.0 = Release|Any CPU
		{62B64432-DA6B-483E-BEFC-AB8D0F75F806}.Debug|Any CPU.ActiveCfg = Debug|Any CPU
		{62B64432-DA6B-483E-BEFC-AB8D0F75F806}.Debug|Any CPU.Build.0 = Debug|Any CPU
		{62B64432-DA6B-483E-BEFC-AB8D0F75F806}.Release|Any CPU.ActiveCfg = Release|Any CPU
		{62B64432-DA6B-483E-BEFC-AB8D0F75F806}.Release|Any CPU.Build.0 = Release|Any CPU
		{A5BEAA87-6609-4656-A318-F2D43F1BA775}.Debug|Any CPU.ActiveCfg = Debug|Any CPU
		{A5BEAA87-6609-4656-A318-F2D43F1BA775}.Debug|Any CPU.Build.0 = Debug|Any CPU
		{A5BEAA87-6609-4656-A318-F2D43F1BA775}.Release|Any CPU.ActiveCfg = Release|Any CPU
		{A5BEAA87-6609-4656-A318-F2D43F1BA775}.Release|Any CPU.Build.0 = Release|Any CPU
		{44168560-C410-4CD2-9C96-1809BCF5F8FF}.Debug|Any CPU.ActiveCfg = Debug|Any CPU
		{44168560-C410-4CD2-9C96-1809BCF5F8FF}.Debug|Any CPU.Build.0 = Debug|Any CPU
		{44168560-C410-4CD2-9C96-1809BCF5F8FF}.Release|Any CPU.ActiveCfg = Release|Any CPU
		{44168560-C410-4CD2-9C96-1809BCF5F8FF}.Release|Any CPU.Build.0 = Release|Any CPU
		{935DEB5B-8D26-4925-80B1-12F1A9AF2883}.Debug|Any CPU.ActiveCfg = Debug|Any CPU
		{935DEB5B-8D26-4925-80B1-12F1A9AF2883}.Debug|Any CPU.Build.0 = Debug|Any CPU
		{935DEB5B-8D26-4925-80B1-12F1A9AF2883}.Release|Any CPU.ActiveCfg = Release|Any CPU
		{935DEB5B-8D26-4925-80B1-12F1A9AF2883}.Release|Any CPU.Build.0 = Release|Any CPU
	EndGlobalSection
	GlobalSection(SolutionProperties) = preSolution
		HideSolutionNode = FALSE
	EndGlobalSection
	GlobalSection(ExtensibilityGlobals) = postSolution
		SolutionGuid = {DF66F82B-6C56-446F-8CED-94C372090A33}
	EndGlobalSection
EndGlobal
