
Microsoft Visual Studio Solution File, Format Version 12.00
# Visual Studio Version 16
VisualStudioVersion = 16.0.31005.135
MinimumVisualStudioVersion = 10.0.40219.1
Project("{FAE04EC0-301F-11D3-BF4B-00C04F79EFBC}") = "TorchMod", "TorchMod\TorchMod.csproj", "{4679AA01-DD8C-473E-A88F-2B1D7A7306DC}"
EndProject
Project("{FAE04EC0-301F-11D3-BF4B-00C04F79EFBC}") = "QuickLoad", "QuickLoad\QuickLoad.csproj", "{9A75D46F-077B-4719-ABEE-EA0934C070BC}"
EndProject
Project("{FAE04EC0-301F-11D3-BF4B-00C04F79EFBC}") = "Durability", "Durability\Durability.csproj", "{9C18D21E-6292-498C-95C8-F441224135B5}"
EndProject
Project("{FAE04EC0-301F-11D3-BF4B-00C04F79EFBC}") = "Regeneration", "Regeneration\Regeneration.csproj", "{72A87FDD-73E4-4E8F-A866-0D7842D684C1}"
EndProject
Project("{FAE04EC0-301F-11D3-BF4B-00C04F79EFBC}") = "TreeRespawn", "TreeRespawn\TreeRespawn.csproj", "{D19F8AE0-7192-42B5-94E9-30C8496F7394}"
EndProject
Project("{FAE04EC0-301F-11D3-BF4B-00C04F79EFBC}") = "CraftFromContainers", "CraftFromContainers\CraftFromContainers.csproj", "{571E7C29-571A-41F0-9D93-2161DD20C36A}"
EndProject
Project("{FAE04EC0-301F-11D3-BF4B-00C04F79EFBC}") = "CustomTextures", "CustomTextures\CustomTextures.csproj", "{341D9492-226D-4381-9FDA-95DE6057033F}"
EndProject
Project("{FAE04EC0-301F-11D3-BF4B-00C04F79EFBC}") = "DiscardInventoryItem", "DiscardInventoryItem\DiscardInventoryItem.csproj", "{B827CA6A-3604-4617-A2B5-86D49F049F60}"
EndProject
Project("{FAE04EC0-301F-11D3-BF4B-00C04F79EFBC}") = "TimeMod", "TimeMod\TimeMod.csproj", "{453B3B2F-54ED-42E3-995E-D306ECB518BA}"
EndProject
Project("{FAE04EC0-301F-11D3-BF4B-00C04F79EFBC}") = "AutoSplitStack", "AutoSplitStack\AutoSplitStack.csproj", "{721B4F8C-9FC4-46A2-A359-2816E60F9488}"
EndProject
Project("{FAE04EC0-301F-11D3-BF4B-00C04F79EFBC}") = "ClockMod", "ClockMod\ClockMod.csproj", "{F664E67E-D2B1-4AAE-B9E2-9E036BA3D2F0}"
EndProject
Project("{FAE04EC0-301F-11D3-BF4B-00C04F79EFBC}") = "CustomAudio", "CustomAudio\CustomAudio.csproj", "{332F7475-7977-44C3-A511-CB13C56A8BD8}"
EndProject
Project("{FAE04EC0-301F-11D3-BF4B-00C04F79EFBC}") = "NexusUpdate", "NexusUpdate\NexusUpdate.csproj", "{FD08909F-E5D9-45E6-AAE9-15D3791105DB}"
EndProject
Project("{FAE04EC0-301F-11D3-BF4B-00C04F79EFBC}") = "RealClockMod", "RealClockMod\RealClockMod.csproj", "{3E0DB48D-E00B-4B24-B252-F4BC859BC2B5}"
EndProject
Project("{FAE04EC0-301F-11D3-BF4B-00C04F79EFBC}") = "CustomMeshes", "CustomMeshes\CustomMeshes.csproj", "{3CA2F556-BB70-402C-ADC3-AC6F0145B6E8}"
EndProject
Project("{FAE04EC0-301F-11D3-BF4B-00C04F79EFBC}") = "DayCycle", "DayCycle\DayCycle.csproj", "{F5F0D897-CEFF-416C-A9F8-B7A4F434B830}"
EndProject
Project("{FAE04EC0-301F-11D3-BF4B-00C04F79EFBC}") = "CustomContainerSizes", "CustomContainerSizes\CustomContainerSizes.csproj", "{310FBC9C-4084-4D42-AF12-02DB7AAECD28}"
EndProject
Project("{FAE04EC0-301F-11D3-BF4B-00C04F79EFBC}") = "ShipSpeed", "ShipSpeed\ShipSpeed.csproj", "{B60664F7-A85E-4302-B5C5-C475C1ABF8D3}"
EndProject
Project("{FAE04EC0-301F-11D3-BF4B-00C04F79EFBC}") = "MovableChestInventory", "MovableChestInventory\MovableChestInventory.csproj", "{0473B5A9-FABE-441F-A1CE-E3E77F61F098}"
EndProject
Project("{FAE04EC0-301F-11D3-BF4B-00C04F79EFBC}") = "ContainersAnywhere", "ContainersAnywhere\ContainersAnywhere.csproj", "{46E92BC8-73B2-4C97-A55E-9B0385F496A9}"
EndProject
Project("{FAE04EC0-301F-11D3-BF4B-00C04F79EFBC}") = "AutoFuel", "AutoFuel\AutoFuel.csproj", "{87660053-76CB-449E-9AB1-E750F55A0B4D}"
EndProject
Project("{FAE04EC0-301F-11D3-BF4B-00C04F79EFBC}") = "InstantMonsterDrop", "InstantMonsterDrop\InstantMonsterDrop.csproj", "{F98B7653-0348-40D0-90F0-1D46880CF9AD}"
EndProject
Project("{FAE04EC0-301F-11D3-BF4B-00C04F79EFBC}") = "BuildingDamageMod", "BuildingDamageMod\BuildingDamageMod.csproj", "{05E33387-F302-4EB9-B002-7DF95DD37CE7}"
EndProject
Project("{FAE04EC0-301F-11D3-BF4B-00C04F79EFBC}") = "CustomGraphicsSettings", "CustomGraphicsSettings\CustomGraphicsSettings.csproj", "{FC9E944F-8834-491C-A165-0DABFE80FDD6}"
EndProject
Project("{FAE04EC0-301F-11D3-BF4B-00C04F79EFBC}") = "DiscardDroppedItems", "DiscardDroppedItems\DiscardDroppedItems.csproj", "{766FBAFB-85B1-49D1-B262-98DDCFDB668D}"
EndProject
Project("{FAE04EC0-301F-11D3-BF4B-00C04F79EFBC}") = "AutoStore", "AutoStore\AutoStore.csproj", "{6BCB72BB-3244-42B5-B283-0C080AD73EA7}"
EndProject
Project("{FAE04EC0-301F-11D3-BF4B-00C04F79EFBC}") = "MiningMod", "MiningMod\MiningMod.csproj", "{E6159595-5A40-4248-932C-98624B950FBF}"
EndProject
Project("{FAE04EC0-301F-11D3-BF4B-00C04F79EFBC}") = "RepairRequiresMats", "RepairRequiresMats\RepairRequiresMats.csproj", "{BD7C5A4A-A394-4961-9DAC-3F6CF4203D57}"
EndProject
Project("{FAE04EC0-301F-11D3-BF4B-00C04F79EFBC}") = "HereFishy", "HereFishy\HereFishy.csproj", "{85610E11-6796-40FB-9E7B-32C5CA7C14A2}"
EndProject
Project("{FAE04EC0-301F-11D3-BF4B-00C04F79EFBC}") = "CustomItems", "CustomItems\CustomItems.csproj", "{EBBED5D5-6E40-4F03-A355-4D0F57E05FDA}"
EndProject
Project("{FAE04EC0-301F-11D3-BF4B-00C04F79EFBC}") = "MonsterAITweaks", "MonsterAITweaks\MonsterAITweaks.csproj", "{110352B6-6B4A-4172-898F-84018761AF2E}"
EndProject
Project("{FAE04EC0-301F-11D3-BF4B-00C04F79EFBC}") = "AnimationSpeed", "AnimationSpeed\AnimationSpeed.csproj", "{84C8AB36-5D72-41C3-B9C4-F00BB2850C17}"
EndProject
Project("{FAE04EC0-301F-11D3-BF4B-00C04F79EFBC}") = "MapTeleport", "MapTeleport\MapTeleport.csproj", "{96DE9EC4-ACC8-4D91-9E2D-D6D52A9B5425}"
EndProject
Project("{FAE04EC0-301F-11D3-BF4B-00C04F79EFBC}") = "SleepWithoutSpawn", "SleepWithoutSpawn\SleepWithoutSpawn.csproj", "{E9EDC6FF-AB75-4487-9D45-D60A9EDC7789}"
EndProject
Project("{FAE04EC0-301F-11D3-BF4B-00C04F79EFBC}") = "PlantMod", "PlantMod\PlantMod.csproj", "{F98C028D-737B-41B1-AC78-AA89839F5655}"
EndProject
Project("{FAE04EC0-301F-11D3-BF4B-00C04F79EFBC}") = "GrassTweaks", "GrassTweaks\GrassTweaks.csproj", "{197882E5-903E-40FD-9963-3AFAFFC85978}"
EndProject
Project("{FAE04EC0-301F-11D3-BF4B-00C04F79EFBC}") = "JumpRunDodgeSneakWalk", "JumpRunDodgeSneakWalk\JumpRunDodgeSneakWalk.csproj", "{DFA917A1-CFF4-454A-AE3F-38412D10B297}"
EndProject
Project("{FAE04EC0-301F-11D3-BF4B-00C04F79EFBC}") = "EmoteKeys", "EmoteKeys\EmoteKeys.csproj", "{D958DE95-7E2B-49B2-B2D9-866CC4F6D3F0}"
EndProject
Project("{FAE04EC0-301F-11D3-BF4B-00C04F79EFBC}") = "CustomLoadingScreens", "CustomLoadingScreens\CustomLoadingScreens.csproj", "{EFF3C72E-CA27-4290-9869-44308747E719}"
EndProject
Project("{FAE04EC0-301F-11D3-BF4B-00C04F79EFBC}") = "ConsoleTweaks", "ConsoleTweaks\ConsoleTweaks.csproj", "{E1E0580B-4932-44CA-A94D-B29FCF947D19}"
EndProject
Project("{FAE04EC0-301F-11D3-BF4B-00C04F79EFBC}") = "HelmetHairToggle", "HelmetHairToggle\HelmetHairToggle.csproj", "{F67BE8BE-C23C-4F9B-A91D-7B77AD1E8D55}"
EndProject
Project("{FAE04EC0-301F-11D3-BF4B-00C04F79EFBC}") = "QuickCart", "QuickCart\QuickCart.csproj", "{7CA0E23D-7255-481D-966C-DD24AD9A85D0}"
EndProject
Global
	GlobalSection(SolutionConfigurationPlatforms) = preSolution
		Debug|Any CPU = Debug|Any CPU
		Release|Any CPU = Release|Any CPU
	EndGlobalSection
	GlobalSection(ProjectConfigurationPlatforms) = postSolution
		{4679AA01-DD8C-473E-A88F-2B1D7A7306DC}.Debug|Any CPU.ActiveCfg = Debug|Any CPU
		{4679AA01-DD8C-473E-A88F-2B1D7A7306DC}.Debug|Any CPU.Build.0 = Debug|Any CPU
		{4679AA01-DD8C-473E-A88F-2B1D7A7306DC}.Release|Any CPU.ActiveCfg = Release|Any CPU
		{4679AA01-DD8C-473E-A88F-2B1D7A7306DC}.Release|Any CPU.Build.0 = Release|Any CPU
		{9A75D46F-077B-4719-ABEE-EA0934C070BC}.Debug|Any CPU.ActiveCfg = Debug|Any CPU
		{9A75D46F-077B-4719-ABEE-EA0934C070BC}.Debug|Any CPU.Build.0 = Debug|Any CPU
		{9A75D46F-077B-4719-ABEE-EA0934C070BC}.Release|Any CPU.ActiveCfg = Release|Any CPU
		{9A75D46F-077B-4719-ABEE-EA0934C070BC}.Release|Any CPU.Build.0 = Release|Any CPU
		{9C18D21E-6292-498C-95C8-F441224135B5}.Debug|Any CPU.ActiveCfg = Debug|Any CPU
		{9C18D21E-6292-498C-95C8-F441224135B5}.Debug|Any CPU.Build.0 = Debug|Any CPU
		{9C18D21E-6292-498C-95C8-F441224135B5}.Release|Any CPU.ActiveCfg = Release|Any CPU
		{9C18D21E-6292-498C-95C8-F441224135B5}.Release|Any CPU.Build.0 = Release|Any CPU
		{72A87FDD-73E4-4E8F-A866-0D7842D684C1}.Debug|Any CPU.ActiveCfg = Debug|Any CPU
		{72A87FDD-73E4-4E8F-A866-0D7842D684C1}.Debug|Any CPU.Build.0 = Debug|Any CPU
		{72A87FDD-73E4-4E8F-A866-0D7842D684C1}.Release|Any CPU.ActiveCfg = Release|Any CPU
		{72A87FDD-73E4-4E8F-A866-0D7842D684C1}.Release|Any CPU.Build.0 = Release|Any CPU
		{D19F8AE0-7192-42B5-94E9-30C8496F7394}.Debug|Any CPU.ActiveCfg = Debug|Any CPU
		{D19F8AE0-7192-42B5-94E9-30C8496F7394}.Debug|Any CPU.Build.0 = Debug|Any CPU
		{D19F8AE0-7192-42B5-94E9-30C8496F7394}.Release|Any CPU.ActiveCfg = Release|Any CPU
		{D19F8AE0-7192-42B5-94E9-30C8496F7394}.Release|Any CPU.Build.0 = Release|Any CPU
		{571E7C29-571A-41F0-9D93-2161DD20C36A}.Debug|Any CPU.ActiveCfg = Debug|Any CPU
		{571E7C29-571A-41F0-9D93-2161DD20C36A}.Debug|Any CPU.Build.0 = Debug|Any CPU
		{571E7C29-571A-41F0-9D93-2161DD20C36A}.Release|Any CPU.ActiveCfg = Release|Any CPU
		{571E7C29-571A-41F0-9D93-2161DD20C36A}.Release|Any CPU.Build.0 = Release|Any CPU
		{341D9492-226D-4381-9FDA-95DE6057033F}.Debug|Any CPU.ActiveCfg = Debug|Any CPU
		{341D9492-226D-4381-9FDA-95DE6057033F}.Debug|Any CPU.Build.0 = Debug|Any CPU
		{341D9492-226D-4381-9FDA-95DE6057033F}.Release|Any CPU.ActiveCfg = Release|Any CPU
		{341D9492-226D-4381-9FDA-95DE6057033F}.Release|Any CPU.Build.0 = Release|Any CPU
		{B827CA6A-3604-4617-A2B5-86D49F049F60}.Debug|Any CPU.ActiveCfg = Debug|Any CPU
		{B827CA6A-3604-4617-A2B5-86D49F049F60}.Debug|Any CPU.Build.0 = Debug|Any CPU
		{B827CA6A-3604-4617-A2B5-86D49F049F60}.Release|Any CPU.ActiveCfg = Release|Any CPU
		{B827CA6A-3604-4617-A2B5-86D49F049F60}.Release|Any CPU.Build.0 = Release|Any CPU
		{453B3B2F-54ED-42E3-995E-D306ECB518BA}.Debug|Any CPU.ActiveCfg = Debug|Any CPU
		{453B3B2F-54ED-42E3-995E-D306ECB518BA}.Debug|Any CPU.Build.0 = Debug|Any CPU
		{453B3B2F-54ED-42E3-995E-D306ECB518BA}.Release|Any CPU.ActiveCfg = Release|Any CPU
		{453B3B2F-54ED-42E3-995E-D306ECB518BA}.Release|Any CPU.Build.0 = Release|Any CPU
		{721B4F8C-9FC4-46A2-A359-2816E60F9488}.Debug|Any CPU.ActiveCfg = Debug|Any CPU
		{721B4F8C-9FC4-46A2-A359-2816E60F9488}.Debug|Any CPU.Build.0 = Debug|Any CPU
		{721B4F8C-9FC4-46A2-A359-2816E60F9488}.Release|Any CPU.ActiveCfg = Release|Any CPU
		{721B4F8C-9FC4-46A2-A359-2816E60F9488}.Release|Any CPU.Build.0 = Release|Any CPU
		{F664E67E-D2B1-4AAE-B9E2-9E036BA3D2F0}.Debug|Any CPU.ActiveCfg = Debug|Any CPU
		{F664E67E-D2B1-4AAE-B9E2-9E036BA3D2F0}.Debug|Any CPU.Build.0 = Debug|Any CPU
		{F664E67E-D2B1-4AAE-B9E2-9E036BA3D2F0}.Release|Any CPU.ActiveCfg = Release|Any CPU
		{F664E67E-D2B1-4AAE-B9E2-9E036BA3D2F0}.Release|Any CPU.Build.0 = Release|Any CPU
		{332F7475-7977-44C3-A511-CB13C56A8BD8}.Debug|Any CPU.ActiveCfg = Debug|Any CPU
		{332F7475-7977-44C3-A511-CB13C56A8BD8}.Debug|Any CPU.Build.0 = Debug|Any CPU
		{332F7475-7977-44C3-A511-CB13C56A8BD8}.Release|Any CPU.ActiveCfg = Release|Any CPU
		{332F7475-7977-44C3-A511-CB13C56A8BD8}.Release|Any CPU.Build.0 = Release|Any CPU
		{FD08909F-E5D9-45E6-AAE9-15D3791105DB}.Debug|Any CPU.ActiveCfg = Debug|Any CPU
		{FD08909F-E5D9-45E6-AAE9-15D3791105DB}.Debug|Any CPU.Build.0 = Debug|Any CPU
		{FD08909F-E5D9-45E6-AAE9-15D3791105DB}.Release|Any CPU.ActiveCfg = Release|Any CPU
		{FD08909F-E5D9-45E6-AAE9-15D3791105DB}.Release|Any CPU.Build.0 = Release|Any CPU
		{3E0DB48D-E00B-4B24-B252-F4BC859BC2B5}.Debug|Any CPU.ActiveCfg = Debug|Any CPU
		{3E0DB48D-E00B-4B24-B252-F4BC859BC2B5}.Debug|Any CPU.Build.0 = Debug|Any CPU
		{3E0DB48D-E00B-4B24-B252-F4BC859BC2B5}.Release|Any CPU.ActiveCfg = Release|Any CPU
		{3E0DB48D-E00B-4B24-B252-F4BC859BC2B5}.Release|Any CPU.Build.0 = Release|Any CPU
		{3CA2F556-BB70-402C-ADC3-AC6F0145B6E8}.Debug|Any CPU.ActiveCfg = Debug|Any CPU
		{3CA2F556-BB70-402C-ADC3-AC6F0145B6E8}.Debug|Any CPU.Build.0 = Debug|Any CPU
		{3CA2F556-BB70-402C-ADC3-AC6F0145B6E8}.Release|Any CPU.ActiveCfg = Release|Any CPU
		{3CA2F556-BB70-402C-ADC3-AC6F0145B6E8}.Release|Any CPU.Build.0 = Release|Any CPU
		{F5F0D897-CEFF-416C-A9F8-B7A4F434B830}.Debug|Any CPU.ActiveCfg = Debug|Any CPU
		{F5F0D897-CEFF-416C-A9F8-B7A4F434B830}.Debug|Any CPU.Build.0 = Debug|Any CPU
		{F5F0D897-CEFF-416C-A9F8-B7A4F434B830}.Release|Any CPU.ActiveCfg = Release|Any CPU
		{F5F0D897-CEFF-416C-A9F8-B7A4F434B830}.Release|Any CPU.Build.0 = Release|Any CPU
		{310FBC9C-4084-4D42-AF12-02DB7AAECD28}.Debug|Any CPU.ActiveCfg = Debug|Any CPU
		{310FBC9C-4084-4D42-AF12-02DB7AAECD28}.Debug|Any CPU.Build.0 = Debug|Any CPU
		{310FBC9C-4084-4D42-AF12-02DB7AAECD28}.Release|Any CPU.ActiveCfg = Release|Any CPU
		{310FBC9C-4084-4D42-AF12-02DB7AAECD28}.Release|Any CPU.Build.0 = Release|Any CPU
		{B60664F7-A85E-4302-B5C5-C475C1ABF8D3}.Debug|Any CPU.ActiveCfg = Debug|Any CPU
		{B60664F7-A85E-4302-B5C5-C475C1ABF8D3}.Debug|Any CPU.Build.0 = Debug|Any CPU
		{B60664F7-A85E-4302-B5C5-C475C1ABF8D3}.Release|Any CPU.ActiveCfg = Release|Any CPU
		{B60664F7-A85E-4302-B5C5-C475C1ABF8D3}.Release|Any CPU.Build.0 = Release|Any CPU
		{0473B5A9-FABE-441F-A1CE-E3E77F61F098}.Debug|Any CPU.ActiveCfg = Debug|Any CPU
		{0473B5A9-FABE-441F-A1CE-E3E77F61F098}.Debug|Any CPU.Build.0 = Debug|Any CPU
		{0473B5A9-FABE-441F-A1CE-E3E77F61F098}.Release|Any CPU.ActiveCfg = Release|Any CPU
		{0473B5A9-FABE-441F-A1CE-E3E77F61F098}.Release|Any CPU.Build.0 = Release|Any CPU
		{46E92BC8-73B2-4C97-A55E-9B0385F496A9}.Debug|Any CPU.ActiveCfg = Debug|Any CPU
		{46E92BC8-73B2-4C97-A55E-9B0385F496A9}.Debug|Any CPU.Build.0 = Debug|Any CPU
		{46E92BC8-73B2-4C97-A55E-9B0385F496A9}.Release|Any CPU.ActiveCfg = Release|Any CPU
		{46E92BC8-73B2-4C97-A55E-9B0385F496A9}.Release|Any CPU.Build.0 = Release|Any CPU
		{87660053-76CB-449E-9AB1-E750F55A0B4D}.Debug|Any CPU.ActiveCfg = Debug|Any CPU
		{87660053-76CB-449E-9AB1-E750F55A0B4D}.Debug|Any CPU.Build.0 = Debug|Any CPU
		{87660053-76CB-449E-9AB1-E750F55A0B4D}.Release|Any CPU.ActiveCfg = Release|Any CPU
		{87660053-76CB-449E-9AB1-E750F55A0B4D}.Release|Any CPU.Build.0 = Release|Any CPU
		{F98B7653-0348-40D0-90F0-1D46880CF9AD}.Debug|Any CPU.ActiveCfg = Debug|Any CPU
		{F98B7653-0348-40D0-90F0-1D46880CF9AD}.Debug|Any CPU.Build.0 = Debug|Any CPU
		{F98B7653-0348-40D0-90F0-1D46880CF9AD}.Release|Any CPU.ActiveCfg = Release|Any CPU
		{F98B7653-0348-40D0-90F0-1D46880CF9AD}.Release|Any CPU.Build.0 = Release|Any CPU
		{05E33387-F302-4EB9-B002-7DF95DD37CE7}.Debug|Any CPU.ActiveCfg = Debug|Any CPU
		{05E33387-F302-4EB9-B002-7DF95DD37CE7}.Debug|Any CPU.Build.0 = Debug|Any CPU
		{05E33387-F302-4EB9-B002-7DF95DD37CE7}.Release|Any CPU.ActiveCfg = Release|Any CPU
		{05E33387-F302-4EB9-B002-7DF95DD37CE7}.Release|Any CPU.Build.0 = Release|Any CPU
		{FC9E944F-8834-491C-A165-0DABFE80FDD6}.Debug|Any CPU.ActiveCfg = Debug|Any CPU
		{FC9E944F-8834-491C-A165-0DABFE80FDD6}.Debug|Any CPU.Build.0 = Debug|Any CPU
		{FC9E944F-8834-491C-A165-0DABFE80FDD6}.Release|Any CPU.ActiveCfg = Release|Any CPU
		{FC9E944F-8834-491C-A165-0DABFE80FDD6}.Release|Any CPU.Build.0 = Release|Any CPU
		{766FBAFB-85B1-49D1-B262-98DDCFDB668D}.Debug|Any CPU.ActiveCfg = Debug|Any CPU
		{766FBAFB-85B1-49D1-B262-98DDCFDB668D}.Debug|Any CPU.Build.0 = Debug|Any CPU
		{766FBAFB-85B1-49D1-B262-98DDCFDB668D}.Release|Any CPU.ActiveCfg = Release|Any CPU
		{766FBAFB-85B1-49D1-B262-98DDCFDB668D}.Release|Any CPU.Build.0 = Release|Any CPU
		{6BCB72BB-3244-42B5-B283-0C080AD73EA7}.Debug|Any CPU.ActiveCfg = Debug|Any CPU
		{6BCB72BB-3244-42B5-B283-0C080AD73EA7}.Debug|Any CPU.Build.0 = Debug|Any CPU
		{6BCB72BB-3244-42B5-B283-0C080AD73EA7}.Release|Any CPU.ActiveCfg = Release|Any CPU
		{6BCB72BB-3244-42B5-B283-0C080AD73EA7}.Release|Any CPU.Build.0 = Release|Any CPU
		{E6159595-5A40-4248-932C-98624B950FBF}.Debug|Any CPU.ActiveCfg = Debug|Any CPU
		{E6159595-5A40-4248-932C-98624B950FBF}.Debug|Any CPU.Build.0 = Debug|Any CPU
		{E6159595-5A40-4248-932C-98624B950FBF}.Release|Any CPU.ActiveCfg = Release|Any CPU
		{E6159595-5A40-4248-932C-98624B950FBF}.Release|Any CPU.Build.0 = Release|Any CPU
		{BD7C5A4A-A394-4961-9DAC-3F6CF4203D57}.Debug|Any CPU.ActiveCfg = Debug|Any CPU
		{BD7C5A4A-A394-4961-9DAC-3F6CF4203D57}.Debug|Any CPU.Build.0 = Debug|Any CPU
		{BD7C5A4A-A394-4961-9DAC-3F6CF4203D57}.Release|Any CPU.ActiveCfg = Release|Any CPU
		{BD7C5A4A-A394-4961-9DAC-3F6CF4203D57}.Release|Any CPU.Build.0 = Release|Any CPU
		{85610E11-6796-40FB-9E7B-32C5CA7C14A2}.Debug|Any CPU.ActiveCfg = Debug|Any CPU
		{85610E11-6796-40FB-9E7B-32C5CA7C14A2}.Debug|Any CPU.Build.0 = Debug|Any CPU
		{85610E11-6796-40FB-9E7B-32C5CA7C14A2}.Release|Any CPU.ActiveCfg = Release|Any CPU
		{85610E11-6796-40FB-9E7B-32C5CA7C14A2}.Release|Any CPU.Build.0 = Release|Any CPU
		{EBBED5D5-6E40-4F03-A355-4D0F57E05FDA}.Debug|Any CPU.ActiveCfg = Debug|Any CPU
		{EBBED5D5-6E40-4F03-A355-4D0F57E05FDA}.Debug|Any CPU.Build.0 = Debug|Any CPU
		{EBBED5D5-6E40-4F03-A355-4D0F57E05FDA}.Release|Any CPU.ActiveCfg = Release|Any CPU
		{EBBED5D5-6E40-4F03-A355-4D0F57E05FDA}.Release|Any CPU.Build.0 = Release|Any CPU
		{110352B6-6B4A-4172-898F-84018761AF2E}.Debug|Any CPU.ActiveCfg = Debug|Any CPU
		{110352B6-6B4A-4172-898F-84018761AF2E}.Debug|Any CPU.Build.0 = Debug|Any CPU
		{110352B6-6B4A-4172-898F-84018761AF2E}.Release|Any CPU.ActiveCfg = Release|Any CPU
		{110352B6-6B4A-4172-898F-84018761AF2E}.Release|Any CPU.Build.0 = Release|Any CPU
		{84C8AB36-5D72-41C3-B9C4-F00BB2850C17}.Debug|Any CPU.ActiveCfg = Debug|Any CPU
		{84C8AB36-5D72-41C3-B9C4-F00BB2850C17}.Debug|Any CPU.Build.0 = Debug|Any CPU
		{84C8AB36-5D72-41C3-B9C4-F00BB2850C17}.Release|Any CPU.ActiveCfg = Release|Any CPU
		{84C8AB36-5D72-41C3-B9C4-F00BB2850C17}.Release|Any CPU.Build.0 = Release|Any CPU
		{96DE9EC4-ACC8-4D91-9E2D-D6D52A9B5425}.Debug|Any CPU.ActiveCfg = Debug|Any CPU
		{96DE9EC4-ACC8-4D91-9E2D-D6D52A9B5425}.Debug|Any CPU.Build.0 = Debug|Any CPU
		{96DE9EC4-ACC8-4D91-9E2D-D6D52A9B5425}.Release|Any CPU.ActiveCfg = Release|Any CPU
		{96DE9EC4-ACC8-4D91-9E2D-D6D52A9B5425}.Release|Any CPU.Build.0 = Release|Any CPU
		{E9EDC6FF-AB75-4487-9D45-D60A9EDC7789}.Debug|Any CPU.ActiveCfg = Debug|Any CPU
		{E9EDC6FF-AB75-4487-9D45-D60A9EDC7789}.Debug|Any CPU.Build.0 = Debug|Any CPU
		{E9EDC6FF-AB75-4487-9D45-D60A9EDC7789}.Release|Any CPU.ActiveCfg = Release|Any CPU
		{E9EDC6FF-AB75-4487-9D45-D60A9EDC7789}.Release|Any CPU.Build.0 = Release|Any CPU
		{F98C028D-737B-41B1-AC78-AA89839F5655}.Debug|Any CPU.ActiveCfg = Debug|Any CPU
		{F98C028D-737B-41B1-AC78-AA89839F5655}.Debug|Any CPU.Build.0 = Debug|Any CPU
		{F98C028D-737B-41B1-AC78-AA89839F5655}.Release|Any CPU.ActiveCfg = Release|Any CPU
		{F98C028D-737B-41B1-AC78-AA89839F5655}.Release|Any CPU.Build.0 = Release|Any CPU
		{197882E5-903E-40FD-9963-3AFAFFC85978}.Debug|Any CPU.ActiveCfg = Debug|Any CPU
		{197882E5-903E-40FD-9963-3AFAFFC85978}.Debug|Any CPU.Build.0 = Debug|Any CPU
		{197882E5-903E-40FD-9963-3AFAFFC85978}.Release|Any CPU.ActiveCfg = Release|Any CPU
		{197882E5-903E-40FD-9963-3AFAFFC85978}.Release|Any CPU.Build.0 = Release|Any CPU
		{DFA917A1-CFF4-454A-AE3F-38412D10B297}.Debug|Any CPU.ActiveCfg = Debug|Any CPU
		{DFA917A1-CFF4-454A-AE3F-38412D10B297}.Debug|Any CPU.Build.0 = Debug|Any CPU
		{DFA917A1-CFF4-454A-AE3F-38412D10B297}.Release|Any CPU.ActiveCfg = Release|Any CPU
		{DFA917A1-CFF4-454A-AE3F-38412D10B297}.Release|Any CPU.Build.0 = Release|Any CPU
		{D958DE95-7E2B-49B2-B2D9-866CC4F6D3F0}.Debug|Any CPU.ActiveCfg = Debug|Any CPU
		{D958DE95-7E2B-49B2-B2D9-866CC4F6D3F0}.Debug|Any CPU.Build.0 = Debug|Any CPU
		{D958DE95-7E2B-49B2-B2D9-866CC4F6D3F0}.Release|Any CPU.ActiveCfg = Release|Any CPU
		{D958DE95-7E2B-49B2-B2D9-866CC4F6D3F0}.Release|Any CPU.Build.0 = Release|Any CPU
		{EFF3C72E-CA27-4290-9869-44308747E719}.Debug|Any CPU.ActiveCfg = Debug|Any CPU
		{EFF3C72E-CA27-4290-9869-44308747E719}.Debug|Any CPU.Build.0 = Debug|Any CPU
		{EFF3C72E-CA27-4290-9869-44308747E719}.Release|Any CPU.ActiveCfg = Release|Any CPU
		{EFF3C72E-CA27-4290-9869-44308747E719}.Release|Any CPU.Build.0 = Release|Any CPU
		{E1E0580B-4932-44CA-A94D-B29FCF947D19}.Debug|Any CPU.ActiveCfg = Debug|Any CPU
		{E1E0580B-4932-44CA-A94D-B29FCF947D19}.Debug|Any CPU.Build.0 = Debug|Any CPU
		{E1E0580B-4932-44CA-A94D-B29FCF947D19}.Release|Any CPU.ActiveCfg = Release|Any CPU
		{E1E0580B-4932-44CA-A94D-B29FCF947D19}.Release|Any CPU.Build.0 = Release|Any CPU
		{F67BE8BE-C23C-4F9B-A91D-7B77AD1E8D55}.Debug|Any CPU.ActiveCfg = Debug|Any CPU
		{F67BE8BE-C23C-4F9B-A91D-7B77AD1E8D55}.Debug|Any CPU.Build.0 = Debug|Any CPU
		{F67BE8BE-C23C-4F9B-A91D-7B77AD1E8D55}.Release|Any CPU.ActiveCfg = Release|Any CPU
		{F67BE8BE-C23C-4F9B-A91D-7B77AD1E8D55}.Release|Any CPU.Build.0 = Release|Any CPU
		{7CA0E23D-7255-481D-966C-DD24AD9A85D0}.Debug|Any CPU.ActiveCfg = Debug|Any CPU
		{7CA0E23D-7255-481D-966C-DD24AD9A85D0}.Debug|Any CPU.Build.0 = Debug|Any CPU
		{7CA0E23D-7255-481D-966C-DD24AD9A85D0}.Release|Any CPU.ActiveCfg = Release|Any CPU
		{7CA0E23D-7255-481D-966C-DD24AD9A85D0}.Release|Any CPU.Build.0 = Release|Any CPU
	EndGlobalSection
	GlobalSection(SolutionProperties) = preSolution
		HideSolutionNode = FALSE
	EndGlobalSection
	GlobalSection(ExtensibilityGlobals) = postSolution
		SolutionGuid = {DF66F82B-6C56-446F-8CED-94C372090A33}
	EndGlobalSection
EndGlobal
