
Microsoft Visual Studio Solution File, Format Version 12.00
# Visual Studio Version 16
VisualStudioVersion = 16.0.31005.135
MinimumVisualStudioVersion = 10.0.40219.1
Project("{FAE04EC0-301F-11D3-BF4B-00C04F79EFBC}") = "SuperJump", "SuperJump\SuperJump.csproj", "{CAB0260E-1649-451E-A5FA-E2F0249915E2}"
EndProject
Project("{FAE04EC0-301F-11D3-BF4B-00C04F79EFBC}") = "TorchMod", "TorchMod\TorchMod.csproj", "{4679AA01-DD8C-473E-A88F-2B1D7A7306DC}"
EndProject
Project("{FAE04EC0-301F-11D3-BF4B-00C04F79EFBC}") = "QuickLoad", "QuickLoad\QuickLoad.csproj", "{9A75D46F-077B-4719-ABEE-EA0934C070BC}"
EndProject
Project("{FAE04EC0-301F-11D3-BF4B-00C04F79EFBC}") = "Durability", "Durability\Durability.csproj", "{9C18D21E-6292-498C-95C8-F441224135B5}"
EndProject
Project("{FAE04EC0-301F-11D3-BF4B-00C04F79EFBC}") = "Regeneration", "Regeneration\Regeneration.csproj", "{72A87FDD-73E4-4E8F-A866-0D7842D684C1}"
EndProject
Project("{FAE04EC0-301F-11D3-BF4B-00C04F79EFBC}") = "TreeRespawn", "TreeRespawn\TreeRespawn.csproj", "{D19F8AE0-7192-42B5-94E9-30C8496F7394}"
EndProject
Project("{FAE04EC0-301F-11D3-BF4B-00C04F79EFBC}") = "CraftFromContainers", "CraftFromContainers\CraftFromContainers.csproj", "{571E7C29-571A-41F0-9D93-2161DD20C36A}"
EndProject
Project("{FAE04EC0-301F-11D3-BF4B-00C04F79EFBC}") = "CustomTextures", "CustomTextures\CustomTextures.csproj", "{341D9492-226D-4381-9FDA-95DE6057033F}"
EndProject
Project("{FAE04EC0-301F-11D3-BF4B-00C04F79EFBC}") = "DiscardInventoryItem", "DiscardInventoryItem\DiscardInventoryItem.csproj", "{B827CA6A-3604-4617-A2B5-86D49F049F60}"
EndProject
Global
	GlobalSection(SolutionConfigurationPlatforms) = preSolution
		Debug|Any CPU = Debug|Any CPU
		Release|Any CPU = Release|Any CPU
	EndGlobalSection
	GlobalSection(ProjectConfigurationPlatforms) = postSolution
		{CAB0260E-1649-451E-A5FA-E2F0249915E2}.Debug|Any CPU.ActiveCfg = Debug|Any CPU
		{CAB0260E-1649-451E-A5FA-E2F0249915E2}.Debug|Any CPU.Build.0 = Debug|Any CPU
		{CAB0260E-1649-451E-A5FA-E2F0249915E2}.Release|Any CPU.ActiveCfg = Release|Any CPU
		{CAB0260E-1649-451E-A5FA-E2F0249915E2}.Release|Any CPU.Build.0 = Release|Any CPU
		{4679AA01-DD8C-473E-A88F-2B1D7A7306DC}.Debug|Any CPU.ActiveCfg = Debug|Any CPU
		{4679AA01-DD8C-473E-A88F-2B1D7A7306DC}.Debug|Any CPU.Build.0 = Debug|Any CPU
		{4679AA01-DD8C-473E-A88F-2B1D7A7306DC}.Release|Any CPU.ActiveCfg = Release|Any CPU
		{4679AA01-DD8C-473E-A88F-2B1D7A7306DC}.Release|Any CPU.Build.0 = Release|Any CPU
		{9A75D46F-077B-4719-ABEE-EA0934C070BC}.Debug|Any CPU.ActiveCfg = Debug|Any CPU
		{9A75D46F-077B-4719-ABEE-EA0934C070BC}.Debug|Any CPU.Build.0 = Debug|Any CPU
		{9A75D46F-077B-4719-ABEE-EA0934C070BC}.Release|Any CPU.ActiveCfg = Release|Any CPU
		{9A75D46F-077B-4719-ABEE-EA0934C070BC}.Release|Any CPU.Build.0 = Release|Any CPU
		{9C18D21E-6292-498C-95C8-F441224135B5}.Debug|Any CPU.ActiveCfg = Debug|Any CPU
		{9C18D21E-6292-498C-95C8-F441224135B5}.Debug|Any CPU.Build.0 = Debug|Any CPU
		{9C18D21E-6292-498C-95C8-F441224135B5}.Release|Any CPU.ActiveCfg = Release|Any CPU
		{9C18D21E-6292-498C-95C8-F441224135B5}.Release|Any CPU.Build.0 = Release|Any CPU
		{72A87FDD-73E4-4E8F-A866-0D7842D684C1}.Debug|Any CPU.ActiveCfg = Debug|Any CPU
		{72A87FDD-73E4-4E8F-A866-0D7842D684C1}.Debug|Any CPU.Build.0 = Debug|Any CPU
		{72A87FDD-73E4-4E8F-A866-0D7842D684C1}.Release|Any CPU.ActiveCfg = Release|Any CPU
		{72A87FDD-73E4-4E8F-A866-0D7842D684C1}.Release|Any CPU.Build.0 = Release|Any CPU
		{D19F8AE0-7192-42B5-94E9-30C8496F7394}.Debug|Any CPU.ActiveCfg = Debug|Any CPU
		{D19F8AE0-7192-42B5-94E9-30C8496F7394}.Debug|Any CPU.Build.0 = Debug|Any CPU
		{D19F8AE0-7192-42B5-94E9-30C8496F7394}.Release|Any CPU.ActiveCfg = Release|Any CPU
		{D19F8AE0-7192-42B5-94E9-30C8496F7394}.Release|Any CPU.Build.0 = Release|Any CPU
		{571E7C29-571A-41F0-9D93-2161DD20C36A}.Debug|Any CPU.ActiveCfg = Debug|Any CPU
		{571E7C29-571A-41F0-9D93-2161DD20C36A}.Debug|Any CPU.Build.0 = Debug|Any CPU
		{571E7C29-571A-41F0-9D93-2161DD20C36A}.Release|Any CPU.ActiveCfg = Release|Any CPU
		{571E7C29-571A-41F0-9D93-2161DD20C36A}.Release|Any CPU.Build.0 = Release|Any CPU
		{341D9492-226D-4381-9FDA-95DE6057033F}.Debug|Any CPU.ActiveCfg = Debug|Any CPU
		{341D9492-226D-4381-9FDA-95DE6057033F}.Debug|Any CPU.Build.0 = Debug|Any CPU
		{341D9492-226D-4381-9FDA-95DE6057033F}.Release|Any CPU.ActiveCfg = Release|Any CPU
		{341D9492-226D-4381-9FDA-95DE6057033F}.Release|Any CPU.Build.0 = Release|Any CPU
		{B827CA6A-3604-4617-A2B5-86D49F049F60}.Debug|Any CPU.ActiveCfg = Debug|Any CPU
		{B827CA6A-3604-4617-A2B5-86D49F049F60}.Debug|Any CPU.Build.0 = Debug|Any CPU
		{B827CA6A-3604-4617-A2B5-86D49F049F60}.Release|Any CPU.ActiveCfg = Release|Any CPU
		{B827CA6A-3604-4617-A2B5-86D49F049F60}.Release|Any CPU.Build.0 = Release|Any CPU
	EndGlobalSection
	GlobalSection(SolutionProperties) = preSolution
		HideSolutionNode = FALSE
	EndGlobalSection
	GlobalSection(ExtensibilityGlobals) = postSolution
		SolutionGuid = {DF66F82B-6C56-446F-8CED-94C372090A33}
	EndGlobalSection
EndGlobal
